// !$*UTF8*$!
{
	archiveVersion = 1;
	classes = {
	};
	objectVersion = 46;
	objects = {

/* Begin PBXBuildFile section */
		009B66BEC4009E807397BE92 /* Pods_xicaibao.framework in Frameworks */ = {isa = PBXBuildFile; fileRef = ADFD874E9B4AB94DB10BEF63 /* Pods_xicaibao.framework */; };
		9CC0C7ABE1BB9BBF1C82A92C /* Pods_xicaibao.framework in Frameworks */ = {isa = PBXBuildFile; fileRef = ADFD874E9B4AB94DB10BEF63 /* Pods_xicaibao.framework */; };
		9D0DCE8B1E8DE7C500F392D7 /* Wallet.storyboard in Resources */ = {isa = PBXBuildFile; fileRef = 9D0DCE8A1E8DE7C500F392D7 /* Wallet.storyboard */; };
		9D0DCE8C1E8DE7C500F392D7 /* Wallet.storyboard in Resources */ = {isa = PBXBuildFile; fileRef = 9D0DCE8A1E8DE7C500F392D7 /* Wallet.storyboard */; };
		9D0DCE8E1E8E046800F392D7 /* WalletTableViewController.swift in Sources */ = {isa = PBXBuildFile; fileRef = 9D0DCE8D1E8E046800F392D7 /* WalletTableViewController.swift */; };
		9D0DCE8F1E8E046800F392D7 /* WalletTableViewController.swift in Sources */ = {isa = PBXBuildFile; fileRef = 9D0DCE8D1E8E046800F392D7 /* WalletTableViewController.swift */; };
		9D0DCE911E8E07C700F392D7 /* RechargeViewController.swift in Sources */ = {isa = PBXBuildFile; fileRef = 9D0DCE901E8E07C700F392D7 /* RechargeViewController.swift */; };
		9D0DCE921E8E07C700F392D7 /* RechargeViewController.swift in Sources */ = {isa = PBXBuildFile; fileRef = 9D0DCE901E8E07C700F392D7 /* RechargeViewController.swift */; };
		9D0DCE941E8E081800F392D7 /* Recharge.storyboard in Resources */ = {isa = PBXBuildFile; fileRef = 9D0DCE931E8E081800F392D7 /* Recharge.storyboard */; };
		9D0DCE951E8E081800F392D7 /* Recharge.storyboard in Resources */ = {isa = PBXBuildFile; fileRef = 9D0DCE931E8E081800F392D7 /* Recharge.storyboard */; };
		9D0DCE971E8E366F00F392D7 /* AddBankCardViewController.swift in Sources */ = {isa = PBXBuildFile; fileRef = 9D0DCE961E8E366F00F392D7 /* AddBankCardViewController.swift */; };
		9D0DCE981E8E366F00F392D7 /* AddBankCardViewController.swift in Sources */ = {isa = PBXBuildFile; fileRef = 9D0DCE961E8E366F00F392D7 /* AddBankCardViewController.swift */; };
		9D2853961E9B688C00CC7275 /* FriendDetailViewController.swift in Sources */ = {isa = PBXBuildFile; fileRef = 9D2853951E9B688C00CC7275 /* FriendDetailViewController.swift */; };
		9D2853971E9B688C00CC7275 /* FriendDetailViewController.swift in Sources */ = {isa = PBXBuildFile; fileRef = 9D2853951E9B688C00CC7275 /* FriendDetailViewController.swift */; };
		9D2853991E9B689F00CC7275 /* FriendDetail.storyboard in Resources */ = {isa = PBXBuildFile; fileRef = 9D2853981E9B689F00CC7275 /* FriendDetail.storyboard */; };
		9D28539A1E9B689F00CC7275 /* FriendDetail.storyboard in Resources */ = {isa = PBXBuildFile; fileRef = 9D2853981E9B689F00CC7275 /* FriendDetail.storyboard */; };
		9D28539C1E9B802500CC7275 /* SetNickNameViewController.swift in Sources */ = {isa = PBXBuildFile; fileRef = 9D28539B1E9B802500CC7275 /* SetNickNameViewController.swift */; };
		9D28539D1E9B802500CC7275 /* SetNickNameViewController.swift in Sources */ = {isa = PBXBuildFile; fileRef = 9D28539B1E9B802500CC7275 /* SetNickNameViewController.swift */; };
		9D41C9AA1E8364520083FF65 /* AppSecrets.swift in Sources */ = {isa = PBXBuildFile; fileRef = 9D41C9A91E8364520083FF65 /* AppSecrets.swift */; };
		9D508F841E9CB90D00B42CF5 /* ContactSearchViewController.swift in Sources */ = {isa = PBXBuildFile; fileRef = 9D508F831E9CB90D00B42CF5 /* ContactSearchViewController.swift */; };
		9D508F851E9CB90D00B42CF5 /* ContactSearchViewController.swift in Sources */ = {isa = PBXBuildFile; fileRef = 9D508F831E9CB90D00B42CF5 /* ContactSearchViewController.swift */; };
		9D508F871E9CC16B00B42CF5 /* ContactSearch.storyboard in Resources */ = {isa = PBXBuildFile; fileRef = 9D508F861E9CC16B00B42CF5 /* ContactSearch.storyboard */; };
		9D508F881E9CC16B00B42CF5 /* ContactSearch.storyboard in Resources */ = {isa = PBXBuildFile; fileRef = 9D508F861E9CC16B00B42CF5 /* ContactSearch.storyboard */; };
		9D59683B1E972F0800268D84 /* AddFriendSearchViewController.swift in Sources */ = {isa = PBXBuildFile; fileRef = 9D59683A1E972F0800268D84 /* AddFriendSearchViewController.swift */; };
		9D59683C1E972F0800268D84 /* AddFriendSearchViewController.swift in Sources */ = {isa = PBXBuildFile; fileRef = 9D59683A1E972F0800268D84 /* AddFriendSearchViewController.swift */; };
		9D59683E1E9769F200268D84 /* AddFriendDetailViewController.swift in Sources */ = {isa = PBXBuildFile; fileRef = 9D59683D1E9769F200268D84 /* AddFriendDetailViewController.swift */; };
		9D59683F1E9769F200268D84 /* AddFriendDetailViewController.swift in Sources */ = {isa = PBXBuildFile; fileRef = 9D59683D1E9769F200268D84 /* AddFriendDetailViewController.swift */; };
		9D5968411E97769F00268D84 /* AddFriendDetail.storyboard in Resources */ = {isa = PBXBuildFile; fileRef = 9D5968401E97769F00268D84 /* AddFriendDetail.storyboard */; };
		9D5968421E97769F00268D84 /* AddFriendDetail.storyboard in Resources */ = {isa = PBXBuildFile; fileRef = 9D5968401E97769F00268D84 /* AddFriendDetail.storyboard */; };
		9D59684D1E979B7900268D84 /* CardListCellTableViewCell.xib in Resources */ = {isa = PBXBuildFile; fileRef = 9D59684B1E979B7900268D84 /* CardListCellTableViewCell.xib */; };
		9D59684E1E979B7900268D84 /* CardListCellTableViewCell.xib in Resources */ = {isa = PBXBuildFile; fileRef = 9D59684B1E979B7900268D84 /* CardListCellTableViewCell.xib */; };
		9D59684F1E979B7900268D84 /* CardListCellTableViewCell.swift in Sources */ = {isa = PBXBuildFile; fileRef = 9D59684C1E979B7900268D84 /* CardListCellTableViewCell.swift */; };
		9D5968501E979B7900268D84 /* CardListCellTableViewCell.swift in Sources */ = {isa = PBXBuildFile; fileRef = 9D59684C1E979B7900268D84 /* CardListCellTableViewCell.swift */; };
		9D5F27631E9DCA6300FF3DCD /* DateHelper.swift in Sources */ = {isa = PBXBuildFile; fileRef = 9D5F27621E9DCA6300FF3DCD /* DateHelper.swift */; };
		9D5F27641E9DCA6300FF3DCD /* DateHelper.swift in Sources */ = {isa = PBXBuildFile; fileRef = 9D5F27621E9DCA6300FF3DCD /* DateHelper.swift */; };
		9D5F27661E9DCB3800FF3DCD /* ChatMessage.swift in Sources */ = {isa = PBXBuildFile; fileRef = 9D5F27651E9DCB3800FF3DCD /* ChatMessage.swift */; };
		9D5F27671E9DCB3800FF3DCD /* ChatMessage.swift in Sources */ = {isa = PBXBuildFile; fileRef = 9D5F27651E9DCB3800FF3DCD /* ChatMessage.swift */; };
		9D5F27691E9DCCB000FF3DCD /* ChatRoom.swift in Sources */ = {isa = PBXBuildFile; fileRef = 9D5F27681E9DCCB000FF3DCD /* ChatRoom.swift */; };
		9D5F276A1E9DCCB000FF3DCD /* ChatRoom.swift in Sources */ = {isa = PBXBuildFile; fileRef = 9D5F27681E9DCCB000FF3DCD /* ChatRoom.swift */; };
		9D5F276D1E9DD16400FF3DCD /* BaseTableViewController.swift in Sources */ = {isa = PBXBuildFile; fileRef = 9D5F276C1E9DD16400FF3DCD /* BaseTableViewController.swift */; };
		9D5F276E1E9DD16400FF3DCD /* BaseTableViewController.swift in Sources */ = {isa = PBXBuildFile; fileRef = 9D5F276C1E9DD16400FF3DCD /* BaseTableViewController.swift */; };
		9D5F27711E9DFF4000FF3DCD /* ChatTableViewCell.swift in Sources */ = {isa = PBXBuildFile; fileRef = 9D5F276F1E9DFF4000FF3DCD /* ChatTableViewCell.swift */; };
		9D5F27721E9DFF4000FF3DCD /* ChatTableViewCell.swift in Sources */ = {isa = PBXBuildFile; fileRef = 9D5F276F1E9DFF4000FF3DCD /* ChatTableViewCell.swift */; };
		9D5F27731E9DFF4000FF3DCD /* ChatTableViewCell.xib in Resources */ = {isa = PBXBuildFile; fileRef = 9D5F27701E9DFF4000FF3DCD /* ChatTableViewCell.xib */; };
		9D5F27741E9DFF4000FF3DCD /* ChatTableViewCell.xib in Resources */ = {isa = PBXBuildFile; fileRef = 9D5F27701E9DFF4000FF3DCD /* ChatTableViewCell.xib */; };
		9D5F27771E9E182500FF3DCD /* ChatMessageCell_Incoming.swift in Sources */ = {isa = PBXBuildFile; fileRef = 9D5F27751E9E182500FF3DCD /* ChatMessageCell_Incoming.swift */; };
		9D5F27781E9E182500FF3DCD /* ChatMessageCell_Incoming.swift in Sources */ = {isa = PBXBuildFile; fileRef = 9D5F27751E9E182500FF3DCD /* ChatMessageCell_Incoming.swift */; };
		9D5F27791E9E182500FF3DCD /* ChatMessageCell_Incoming.xib in Resources */ = {isa = PBXBuildFile; fileRef = 9D5F27761E9E182500FF3DCD /* ChatMessageCell_Incoming.xib */; };
		9D5F277A1E9E182500FF3DCD /* ChatMessageCell_Incoming.xib in Resources */ = {isa = PBXBuildFile; fileRef = 9D5F27761E9E182500FF3DCD /* ChatMessageCell_Incoming.xib */; };
		9D5F27831E9E1AC200FF3DCD /* ChatMessageCell_Outgoing.swift in Sources */ = {isa = PBXBuildFile; fileRef = 9D5F27811E9E1AC200FF3DCD /* ChatMessageCell_Outgoing.swift */; };
		9D5F27841E9E1AC200FF3DCD /* ChatMessageCell_Outgoing.swift in Sources */ = {isa = PBXBuildFile; fileRef = 9D5F27811E9E1AC200FF3DCD /* ChatMessageCell_Outgoing.swift */; };
		9D5F27851E9E1AC200FF3DCD /* ChatMessageCell_Outgoing.xib in Resources */ = {isa = PBXBuildFile; fileRef = 9D5F27821E9E1AC200FF3DCD /* ChatMessageCell_Outgoing.xib */; };
		9D5F27861E9E1AC200FF3DCD /* ChatMessageCell_Outgoing.xib in Resources */ = {isa = PBXBuildFile; fileRef = 9D5F27821E9E1AC200FF3DCD /* ChatMessageCell_Outgoing.xib */; };
		9D5F27881E9E1E0E00FF3DCD /* ZSY_BubbleImageFactory.swift in Sources */ = {isa = PBXBuildFile; fileRef = 9D5F27871E9E1E0E00FF3DCD /* ZSY_BubbleImageFactory.swift */; };
		9D5F27891E9E1E0E00FF3DCD /* ZSY_BubbleImageFactory.swift in Sources */ = {isa = PBXBuildFile; fileRef = 9D5F27871E9E1E0E00FF3DCD /* ZSY_BubbleImageFactory.swift */; };
		9D5F278B1E9E1E4700FF3DCD /* ZSY_MessageBubbleImage.swift in Sources */ = {isa = PBXBuildFile; fileRef = 9D5F278A1E9E1E4700FF3DCD /* ZSY_MessageBubbleImage.swift */; };
		9D5F278C1E9E1E4700FF3DCD /* ZSY_MessageBubbleImage.swift in Sources */ = {isa = PBXBuildFile; fileRef = 9D5F278A1E9E1E4700FF3DCD /* ZSY_MessageBubbleImage.swift */; };
		9D5F278E1E9E1EFB00FF3DCD /* ZSY_ChatMessagesSize.swift in Sources */ = {isa = PBXBuildFile; fileRef = 9D5F278D1E9E1EFB00FF3DCD /* ZSY_ChatMessagesSize.swift */; };
		9D5F278F1E9E1EFB00FF3DCD /* ZSY_ChatMessagesSize.swift in Sources */ = {isa = PBXBuildFile; fileRef = 9D5F278D1E9E1EFB00FF3DCD /* ZSY_ChatMessagesSize.swift */; };
		9D5F27911E9E1F7A00FF3DCD /* ScreenMacro.swift in Sources */ = {isa = PBXBuildFile; fileRef = 9D5F27901E9E1F7A00FF3DCD /* ScreenMacro.swift */; };
		9D5F27921E9E1F7A00FF3DCD /* ScreenMacro.swift in Sources */ = {isa = PBXBuildFile; fileRef = 9D5F27901E9E1F7A00FF3DCD /* ScreenMacro.swift */; };
		9D5F27941E9E24E300FF3DCD /* BaseViewController.swift in Sources */ = {isa = PBXBuildFile; fileRef = 9D5F27931E9E24E300FF3DCD /* BaseViewController.swift */; };
		9D5F27951E9E24E300FF3DCD /* BaseViewController.swift in Sources */ = {isa = PBXBuildFile; fileRef = 9D5F27931E9E24E300FF3DCD /* BaseViewController.swift */; };
		9D5F27971E9E256400FF3DCD /* ChatMessagesTextView.swift in Sources */ = {isa = PBXBuildFile; fileRef = 9D5F27961E9E256400FF3DCD /* ChatMessagesTextView.swift */; };
		9D5F27981E9E256400FF3DCD /* ChatMessagesTextView.swift in Sources */ = {isa = PBXBuildFile; fileRef = 9D5F27961E9E256400FF3DCD /* ChatMessagesTextView.swift */; };
		9D5F279A1E9E25C200FF3DCD /* BaseTextView.swift in Sources */ = {isa = PBXBuildFile; fileRef = 9D5F27991E9E25C200FF3DCD /* BaseTextView.swift */; };
		9D5F279B1E9E25C200FF3DCD /* BaseTextView.swift in Sources */ = {isa = PBXBuildFile; fileRef = 9D5F27991E9E25C200FF3DCD /* BaseTextView.swift */; };
		9D5F279D1E9E261E00FF3DCD /* ChatMessagesSendButton.swift in Sources */ = {isa = PBXBuildFile; fileRef = 9D5F279C1E9E261E00FF3DCD /* ChatMessagesSendButton.swift */; };
		9D5F279E1E9E261E00FF3DCD /* ChatMessagesSendButton.swift in Sources */ = {isa = PBXBuildFile; fileRef = 9D5F279C1E9E261E00FF3DCD /* ChatMessagesSendButton.swift */; };
		9D6B77641E825313001AB48C /* AppDelegate.swift in Sources */ = {isa = PBXBuildFile; fileRef = 9D6B77631E825313001AB48C /* AppDelegate.swift */; };
		9D6B776B1E825313001AB48C /* Assets.xcassets in Resources */ = {isa = PBXBuildFile; fileRef = 9D6B776A1E825313001AB48C /* Assets.xcassets */; };
		9D6B776E1E825313001AB48C /* LaunchScreen.storyboard in Resources */ = {isa = PBXBuildFile; fileRef = 9D6B776C1E825313001AB48C /* LaunchScreen.storyboard */; };
		9DA760BD1E94C1030049E2E4 /* InitiateChat.storyboard in Resources */ = {isa = PBXBuildFile; fileRef = 9DA760BC1E94C1030049E2E4 /* InitiateChat.storyboard */; };
		9DA760BE1E94C1030049E2E4 /* InitiateChat.storyboard in Resources */ = {isa = PBXBuildFile; fileRef = 9DA760BC1E94C1030049E2E4 /* InitiateChat.storyboard */; };
		9DA760C01E94C19F0049E2E4 /* InitiateChatTableViewController.swift in Sources */ = {isa = PBXBuildFile; fileRef = 9DA760BF1E94C19F0049E2E4 /* InitiateChatTableViewController.swift */; };
		9DA760C11E94C19F0049E2E4 /* InitiateChatTableViewController.swift in Sources */ = {isa = PBXBuildFile; fileRef = 9DA760BF1E94C19F0049E2E4 /* InitiateChatTableViewController.swift */; };
		9DA760C31E94DD520049E2E4 /* AddFriendTableViewController.swift in Sources */ = {isa = PBXBuildFile; fileRef = 9DA760C21E94DD520049E2E4 /* AddFriendTableViewController.swift */; };
		9DA760C41E94DD520049E2E4 /* AddFriendTableViewController.swift in Sources */ = {isa = PBXBuildFile; fileRef = 9DA760C21E94DD520049E2E4 /* AddFriendTableViewController.swift */; };
		9DA760C61E94DD680049E2E4 /* AddFriend.storyboard in Resources */ = {isa = PBXBuildFile; fileRef = 9DA760C51E94DD680049E2E4 /* AddFriend.storyboard */; };
		9DA760C71E94DD680049E2E4 /* AddFriend.storyboard in Resources */ = {isa = PBXBuildFile; fileRef = 9DA760C51E94DD680049E2E4 /* AddFriend.storyboard */; };
		9DA760CA1E94EC8A0049E2E4 /* ChatRoom.storyboard in Resources */ = {isa = PBXBuildFile; fileRef = 9DA760C91E94EC8A0049E2E4 /* ChatRoom.storyboard */; };
		9DA760CB1E94EC8A0049E2E4 /* ChatRoom.storyboard in Resources */ = {isa = PBXBuildFile; fileRef = 9DA760C91E94EC8A0049E2E4 /* ChatRoom.storyboard */; };
		9DA760CD1E94EC9E0049E2E4 /* ChatRoomMessageViewController.swift in Sources */ = {isa = PBXBuildFile; fileRef = 9DA760CC1E94EC9E0049E2E4 /* ChatRoomMessageViewController.swift */; };
		9DA760CE1E94EC9E0049E2E4 /* ChatRoomMessageViewController.swift in Sources */ = {isa = PBXBuildFile; fileRef = 9DA760CC1E94EC9E0049E2E4 /* ChatRoomMessageViewController.swift */; };
		9DB57F821E8CFB32007AC25F /* SendMailHelper.swift in Sources */ = {isa = PBXBuildFile; fileRef = 9DB57F811E8CFB32007AC25F /* SendMailHelper.swift */; };
		9DB57F831E8CFB32007AC25F /* SendMailHelper.swift in Sources */ = {isa = PBXBuildFile; fileRef = 9DB57F811E8CFB32007AC25F /* SendMailHelper.swift */; };
		9DB57F851E8D090B007AC25F /* AboutViewController.swift in Sources */ = {isa = PBXBuildFile; fileRef = 9DB57F841E8D090B007AC25F /* AboutViewController.swift */; };
		9DB57F861E8D090B007AC25F /* AboutViewController.swift in Sources */ = {isa = PBXBuildFile; fileRef = 9DB57F841E8D090B007AC25F /* AboutViewController.swift */; };
		9DCE922B1E8E3F0700198FA7 /* BankCardListTableViewController.swift in Sources */ = {isa = PBXBuildFile; fileRef = 9DCE922A1E8E3F0700198FA7 /* BankCardListTableViewController.swift */; };
		9DCE922C1E8E3F0700198FA7 /* BankCardListTableViewController.swift in Sources */ = {isa = PBXBuildFile; fileRef = 9DCE922A1E8E3F0700198FA7 /* BankCardListTableViewController.swift */; };
		9DCE922E1E8E419B00198FA7 /* BankCardData.swift in Sources */ = {isa = PBXBuildFile; fileRef = 9DCE922D1E8E419B00198FA7 /* BankCardData.swift */; };
		9DCE922F1E8E419B00198FA7 /* BankCardData.swift in Sources */ = {isa = PBXBuildFile; fileRef = 9DCE922D1E8E419B00198FA7 /* BankCardData.swift */; };
		9DCE92311E8E490100198FA7 /* AddBankCard.storyboard in Resources */ = {isa = PBXBuildFile; fileRef = 9DCE92301E8E490100198FA7 /* AddBankCard.storyboard */; };
		9DCE92321E8E490100198FA7 /* AddBankCard.storyboard in Resources */ = {isa = PBXBuildFile; fileRef = 9DCE92301E8E490100198FA7 /* AddBankCard.storyboard */; };
		9DCE92341E8E4A6000198FA7 /* Crash.storyboard in Resources */ = {isa = PBXBuildFile; fileRef = 9DCE92331E8E4A6000198FA7 /* Crash.storyboard */; };
		9DCE92351E8E4A6000198FA7 /* Crash.storyboard in Resources */ = {isa = PBXBuildFile; fileRef = 9DCE92331E8E4A6000198FA7 /* Crash.storyboard */; };
		9DCE92371E8E4A8900198FA7 /* CrashViewController.swift in Sources */ = {isa = PBXBuildFile; fileRef = 9DCE92361E8E4A8900198FA7 /* CrashViewController.swift */; };
		9DCE92381E8E4A8900198FA7 /* CrashViewController.swift in Sources */ = {isa = PBXBuildFile; fileRef = 9DCE92361E8E4A8900198FA7 /* CrashViewController.swift */; };
		9DCE923A1E8E527900198FA7 /* CardDetailTableViewController.swift in Sources */ = {isa = PBXBuildFile; fileRef = 9DCE92391E8E527900198FA7 /* CardDetailTableViewController.swift */; };
		9DCE923B1E8E527900198FA7 /* CardDetailTableViewController.swift in Sources */ = {isa = PBXBuildFile; fileRef = 9DCE92391E8E527900198FA7 /* CardDetailTableViewController.swift */; };
		9DCE923D1E8E528C00198FA7 /* CardTableViewController.swift in Sources */ = {isa = PBXBuildFile; fileRef = 9DCE923C1E8E528C00198FA7 /* CardTableViewController.swift */; };
		9DCE923E1E8E528C00198FA7 /* CardTableViewController.swift in Sources */ = {isa = PBXBuildFile; fileRef = 9DCE923C1E8E528C00198FA7 /* CardTableViewController.swift */; };
		9DCE92471E8E555600198FA7 /* LiveViewController.swift in Sources */ = {isa = PBXBuildFile; fileRef = 9DCE92461E8E555600198FA7 /* LiveViewController.swift */; };
		9DCE92481E8E555600198FA7 /* LiveViewController.swift in Sources */ = {isa = PBXBuildFile; fileRef = 9DCE92461E8E555600198FA7 /* LiveViewController.swift */; };
		9DCE924A1E8E556E00198FA7 /* Live.storyboard in Resources */ = {isa = PBXBuildFile; fileRef = 9DCE92491E8E556E00198FA7 /* Live.storyboard */; };
		9DCE924B1E8E556E00198FA7 /* Live.storyboard in Resources */ = {isa = PBXBuildFile; fileRef = 9DCE92491E8E556E00198FA7 /* Live.storyboard */; };
		9DECCAAB1E8B52F90012CAA4 /* User.swift in Sources */ = {isa = PBXBuildFile; fileRef = 9DECCAAA1E8B52F90012CAA4 /* User.swift */; };
		9DECCAB31E8B53330012CAA4 /* ApiManager.swift in Sources */ = {isa = PBXBuildFile; fileRef = 9DECCAAD1E8B53330012CAA4 /* ApiManager.swift */; };
		9DECCAB41E8B53330012CAA4 /* ColorValue.swift in Sources */ = {isa = PBXBuildFile; fileRef = 9DECCAAE1E8B53330012CAA4 /* ColorValue.swift */; };
		9DECCAB51E8B53330012CAA4 /* FormatHelper.swift in Sources */ = {isa = PBXBuildFile; fileRef = 9DECCAAF1E8B53330012CAA4 /* FormatHelper.swift */; };
		9DECCAB61E8B53330012CAA4 /* LoginManager.swift in Sources */ = {isa = PBXBuildFile; fileRef = 9DECCAB01E8B53330012CAA4 /* LoginManager.swift */; };
		9DECCAB71E8B53330012CAA4 /* ModelErrorManager.swift in Sources */ = {isa = PBXBuildFile; fileRef = 9DECCAB11E8B53330012CAA4 /* ModelErrorManager.swift */; };
		9DECCAB81E8B53330012CAA4 /* SystemPathHelper.swift in Sources */ = {isa = PBXBuildFile; fileRef = 9DECCAB21E8B53330012CAA4 /* SystemPathHelper.swift */; };
		9DECCAD71E8B56850012CAA4 /* Card.storyboard in Resources */ = {isa = PBXBuildFile; fileRef = 9DECCABB1E8B56850012CAA4 /* Card.storyboard */; };
		9DECCAD91E8B56850012CAA4 /* Chat.storyboard in Resources */ = {isa = PBXBuildFile; fileRef = 9DECCABE1E8B56850012CAA4 /* Chat.storyboard */; };
		9DECCADA1E8B56850012CAA4 /* ChatViewController.swift in Sources */ = {isa = PBXBuildFile; fileRef = 9DECCABF1E8B56850012CAA4 /* ChatViewController.swift */; };
		9DECCADB1E8B56850012CAA4 /* Contact.storyboard in Resources */ = {isa = PBXBuildFile; fileRef = 9DECCAC11E8B56850012CAA4 /* Contact.storyboard */; };
		9DECCADC1E8B56850012CAA4 /* ContactViewController.swift in Sources */ = {isa = PBXBuildFile; fileRef = 9DECCAC21E8B56850012CAA4 /* ContactViewController.swift */; };
		9DECCADD1E8B56850012CAA4 /* Main.storyboard in Resources */ = {isa = PBXBuildFile; fileRef = 9DECCAC41E8B56850012CAA4 /* Main.storyboard */; };
		9DECCADE1E8B56850012CAA4 /* MainViewController.swift in Sources */ = {isa = PBXBuildFile; fileRef = 9DECCAC51E8B56850012CAA4 /* MainViewController.swift */; };
		9DECCADF1E8B56850012CAA4 /* Login.storyboard in Resources */ = {isa = PBXBuildFile; fileRef = 9DECCAC91E8B56850012CAA4 /* Login.storyboard */; };
		9DECCAE01E8B56850012CAA4 /* LoginNavigationController.swift in Sources */ = {isa = PBXBuildFile; fileRef = 9DECCACA1E8B56850012CAA4 /* LoginNavigationController.swift */; };
		9DECCAE11E8B56850012CAA4 /* LoginTableViewController.swift in Sources */ = {isa = PBXBuildFile; fileRef = 9DECCACB1E8B56850012CAA4 /* LoginTableViewController.swift */; };
		9DECCAE21E8B56850012CAA4 /* Profile.storyboard in Resources */ = {isa = PBXBuildFile; fileRef = 9DECCACC1E8B56850012CAA4 /* Profile.storyboard */; };
		9DECCAE31E8B56850012CAA4 /* ProfileViewController.swift in Sources */ = {isa = PBXBuildFile; fileRef = 9DECCACD1E8B56850012CAA4 /* ProfileViewController.swift */; };
		9DECCAE41E8B56850012CAA4 /* ResetPassword.storyboard in Resources */ = {isa = PBXBuildFile; fileRef = 9DECCACF1E8B56850012CAA4 /* ResetPassword.storyboard */; };
		9DECCAE51E8B56850012CAA4 /* ResetPasswordTableViewController.swift in Sources */ = {isa = PBXBuildFile; fileRef = 9DECCAD01E8B56850012CAA4 /* ResetPasswordTableViewController.swift */; };
		9DECCAE61E8B56850012CAA4 /* Signup.storyboard in Resources */ = {isa = PBXBuildFile; fileRef = 9DECCAD21E8B56850012CAA4 /* Signup.storyboard */; };
		9DECCAE71E8B56850012CAA4 /* SignupTableViewController.swift in Sources */ = {isa = PBXBuildFile; fileRef = 9DECCAD31E8B56850012CAA4 /* SignupTableViewController.swift */; };
		9DECCAE81E8B56850012CAA4 /* EditNameTableViewController.swift in Sources */ = {isa = PBXBuildFile; fileRef = 9DECCAD51E8B56850012CAA4 /* EditNameTableViewController.swift */; };
		9DECCAE91E8B56850012CAA4 /* UserInfoTableViewController.swift in Sources */ = {isa = PBXBuildFile; fileRef = 9DECCAD61E8B56850012CAA4 /* UserInfoTableViewController.swift */; };
		9DECCAEB1E8B5FA30012CAA4 /* Card.swift in Sources */ = {isa = PBXBuildFile; fileRef = 9DECCAEA1E8B5FA30012CAA4 /* Card.swift */; };
		9DECCAEE1E8B86A50012CAA4 /* CreateCardTableViewController.swift in Sources */ = {isa = PBXBuildFile; fileRef = 9DECCAED1E8B86A50012CAA4 /* CreateCardTableViewController.swift */; };
		9DECCAEF1E8B86A50012CAA4 /* CreateCardTableViewController.swift in Sources */ = {isa = PBXBuildFile; fileRef = 9DECCAED1E8B86A50012CAA4 /* CreateCardTableViewController.swift */; };
		9DECCAF11E8B86C70012CAA4 /* CreateCard.storyboard in Resources */ = {isa = PBXBuildFile; fileRef = 9DECCAF01E8B86C70012CAA4 /* CreateCard.storyboard */; };
		9DECCAF21E8B86C70012CAA4 /* CreateCard.storyboard in Resources */ = {isa = PBXBuildFile; fileRef = 9DECCAF01E8B86C70012CAA4 /* CreateCard.storyboard */; };
		9DECCAF41E8B86EA0012CAA4 /* EditCardTableViewController.swift in Sources */ = {isa = PBXBuildFile; fileRef = 9DECCAF31E8B86EA0012CAA4 /* EditCardTableViewController.swift */; };
		9DECCAF51E8B86EA0012CAA4 /* EditCardTableViewController.swift in Sources */ = {isa = PBXBuildFile; fileRef = 9DECCAF31E8B86EA0012CAA4 /* EditCardTableViewController.swift */; };
		9DECCAFB1E8BA87E0012CAA4 /* AccountSettingTableViewController.swift in Sources */ = {isa = PBXBuildFile; fileRef = 9DECCAFA1E8BA87E0012CAA4 /* AccountSettingTableViewController.swift */; };
		9DECCAFC1E8BA87E0012CAA4 /* AccountSettingTableViewController.swift in Sources */ = {isa = PBXBuildFile; fileRef = 9DECCAFA1E8BA87E0012CAA4 /* AccountSettingTableViewController.swift */; };
		9DECCAFE1E8BA8D70012CAA4 /* AccountSetting.storyboard in Resources */ = {isa = PBXBuildFile; fileRef = 9DECCAFD1E8BA8D70012CAA4 /* AccountSetting.storyboard */; };
		9DECCAFF1E8BA8D70012CAA4 /* AccountSetting.storyboard in Resources */ = {isa = PBXBuildFile; fileRef = 9DECCAFD1E8BA8D70012CAA4 /* AccountSetting.storyboard */; };
		9DECCB0A1E8BAFF70012CAA4 /* NewMessageSettingTableViewController.swift in Sources */ = {isa = PBXBuildFile; fileRef = 9DECCB091E8BAFF70012CAA4 /* NewMessageSettingTableViewController.swift */; };
		9DECCB0B1E8BAFF70012CAA4 /* NewMessageSettingTableViewController.swift in Sources */ = {isa = PBXBuildFile; fileRef = 9DECCB091E8BAFF70012CAA4 /* NewMessageSettingTableViewController.swift */; };
		9DECCB0D1E8BB0640012CAA4 /* NoMessageSettingTableViewController.swift in Sources */ = {isa = PBXBuildFile; fileRef = 9DECCB0C1E8BB0640012CAA4 /* NoMessageSettingTableViewController.swift */; };
		9DECCB0E1E8BB0640012CAA4 /* NoMessageSettingTableViewController.swift in Sources */ = {isa = PBXBuildFile; fileRef = 9DECCB0C1E8BB0640012CAA4 /* NoMessageSettingTableViewController.swift */; };
		9DFEE88C1E8F59CD0098C54F /* KxMenu.m in Sources */ = {isa = PBXBuildFile; fileRef = 9DFEE88B1E8F59CD0098C54F /* KxMenu.m */; };
		9DFEE88D1E8F59CD0098C54F /* KxMenu.m in Sources */ = {isa = PBXBuildFile; fileRef = 9DFEE88B1E8F59CD0098C54F /* KxMenu.m */; };
		9DFEE8901E8F5A6B0098C54F /* UIColor+RCColor.m in Sources */ = {isa = PBXBuildFile; fileRef = 9DFEE88F1E8F5A6B0098C54F /* UIColor+RCColor.m */; };
		9DFEE8911E8F5A6B0098C54F /* UIColor+RCColor.m in Sources */ = {isa = PBXBuildFile; fileRef = 9DFEE88F1E8F5A6B0098C54F /* UIColor+RCColor.m */; };
		9DFEE8941E8F5A970098C54F /* UIImage+RCImage.m in Sources */ = {isa = PBXBuildFile; fileRef = 9DFEE8931E8F5A970098C54F /* UIImage+RCImage.m */; };
		9DFEE8951E8F5A970098C54F /* UIImage+RCImage.m in Sources */ = {isa = PBXBuildFile; fileRef = 9DFEE8931E8F5A970098C54F /* UIImage+RCImage.m */; };
		9DFEE89D1E8F97360098C54F /* CarouselView.swift in Sources */ = {isa = PBXBuildFile; fileRef = 9DFEE89A1E8F97360098C54F /* CarouselView.swift */; };
		9DFEE89E1E8F97360098C54F /* CarouselView.swift in Sources */ = {isa = PBXBuildFile; fileRef = 9DFEE89A1E8F97360098C54F /* CarouselView.swift */; };
		9DFEE8A11E8F97360098C54F /* CarouselView.xib in Resources */ = {isa = PBXBuildFile; fileRef = 9DFEE89C1E8F97360098C54F /* CarouselView.xib */; };
		9DFEE8A21E8F97360098C54F /* CarouselView.xib in Resources */ = {isa = PBXBuildFile; fileRef = 9DFEE89C1E8F97360098C54F /* CarouselView.xib */; };
		9DFF8FE81E84F773004A5E00 /* AppSecrets.swift in Sources */ = {isa = PBXBuildFile; fileRef = 9D41C9A91E8364520083FF65 /* AppSecrets.swift */; };
		9DFF8FE91E84F773004A5E00 /* AppDelegate.swift in Sources */ = {isa = PBXBuildFile; fileRef = 9D6B77631E825313001AB48C /* AppDelegate.swift */; };
		9DFF8FF41E84F773004A5E00 /* LaunchScreen.storyboard in Resources */ = {isa = PBXBuildFile; fileRef = 9D6B776C1E825313001AB48C /* LaunchScreen.storyboard */; };
		9DFF8FF61E84F773004A5E00 /* Assets.xcassets in Resources */ = {isa = PBXBuildFile; fileRef = 9D6B776A1E825313001AB48C /* Assets.xcassets */; };
		9DFF90021E84F936004A5E00 /* Info.plist in Resources */ = {isa = PBXBuildFile; fileRef = 9D6B776F1E825313001AB48C /* Info.plist */; };
		9DFF90031E84F939004A5E00 /* xicaibao-QA.plist in Resources */ = {isa = PBXBuildFile; fileRef = 9DFF90011E84F773004A5E00 /* xicaibao-QA.plist */; };
		9DFF90141E84FFEF004A5E00 /* SMS_SDK.framework in Frameworks */ = {isa = PBXBuildFile; fileRef = 9DFF900F1E84FFEF004A5E00 /* SMS_SDK.framework */; };
		9DFF90151E84FFEF004A5E00 /* SMS_SDK.framework in Frameworks */ = {isa = PBXBuildFile; fileRef = 9DFF900F1E84FFEF004A5E00 /* SMS_SDK.framework */; };
		9DFF90171E85019B004A5E00 /* libz.tbd in Frameworks */ = {isa = PBXBuildFile; fileRef = 9DFF90161E85019B004A5E00 /* libz.tbd */; };
		9DFF90191E8501AA004A5E00 /* libicucore.tbd in Frameworks */ = {isa = PBXBuildFile; fileRef = 9DFF90181E8501AA004A5E00 /* libicucore.tbd */; };
		9DFF901B1E8501BB004A5E00 /* MessageUI.framework in Frameworks */ = {isa = PBXBuildFile; fileRef = 9DFF901A1E8501BB004A5E00 /* MessageUI.framework */; };
		9DFF901D1E8501C4004A5E00 /* JavaScriptCore.framework in Frameworks */ = {isa = PBXBuildFile; fileRef = 9DFF901C1E8501C4004A5E00 /* JavaScriptCore.framework */; };
		9DFF90231E8501D9004A5E00 /* libstdc++.tbd in Frameworks */ = {isa = PBXBuildFile; fileRef = 9DFF90201E8501D9004A5E00 /* libstdc++.tbd */; };
		9DFF90271E850537004A5E00 /* libicucore.A.tbd in Frameworks */ = {isa = PBXBuildFile; fileRef = 9DFF90261E850537004A5E00 /* libicucore.A.tbd */; };
		9DFF90281E85055D004A5E00 /* libstdc++.6.0.9.tbd in Frameworks */ = {isa = PBXBuildFile; fileRef = 9DFF901E1E8501D9004A5E00 /* libstdc++.6.0.9.tbd */; };
		9DFF90291E85055D004A5E00 /* libstdc++.6.tbd in Frameworks */ = {isa = PBXBuildFile; fileRef = 9DFF901F1E8501D9004A5E00 /* libstdc++.6.tbd */; };
		9DFF902C1E85058F004A5E00 /* MOBFoundation.framework in Frameworks */ = {isa = PBXBuildFile; fileRef = 9DFF902A1E85058F004A5E00 /* MOBFoundation.framework */; };
		9DFF902D1E85058F004A5E00 /* MOBFoundation.framework in Frameworks */ = {isa = PBXBuildFile; fileRef = 9DFF902A1E85058F004A5E00 /* MOBFoundation.framework */; };
		9DFF902E1E85058F004A5E00 /* MOBFoundationEx.framework in Frameworks */ = {isa = PBXBuildFile; fileRef = 9DFF902B1E85058F004A5E00 /* MOBFoundationEx.framework */; };
		9DFF902F1E85058F004A5E00 /* MOBFoundationEx.framework in Frameworks */ = {isa = PBXBuildFile; fileRef = 9DFF902B1E85058F004A5E00 /* MOBFoundationEx.framework */; };
		9DFF90301E8505B2004A5E00 /* libz.tbd in Frameworks */ = {isa = PBXBuildFile; fileRef = 9DFF90161E85019B004A5E00 /* libz.tbd */; };
		9DFF90311E8505BD004A5E00 /* libicucore.A.tbd in Frameworks */ = {isa = PBXBuildFile; fileRef = 9DFF90261E850537004A5E00 /* libicucore.A.tbd */; };
		9DFF90321E8505BD004A5E00 /* libicucore.tbd in Frameworks */ = {isa = PBXBuildFile; fileRef = 9DFF90181E8501AA004A5E00 /* libicucore.tbd */; };
		9DFF90331E8505C8004A5E00 /* MessageUI.framework in Frameworks */ = {isa = PBXBuildFile; fileRef = 9DFF901A1E8501BB004A5E00 /* MessageUI.framework */; };
		9DFF90341E8505D0004A5E00 /* JavaScriptCore.framework in Frameworks */ = {isa = PBXBuildFile; fileRef = 9DFF901C1E8501C4004A5E00 /* JavaScriptCore.framework */; };
		9DFF90351E8505DC004A5E00 /* libstdc++.tbd in Frameworks */ = {isa = PBXBuildFile; fileRef = 9DFF90201E8501D9004A5E00 /* libstdc++.tbd */; };
/* End PBXBuildFile section */

/* Begin PBXFileReference section */
		28BB5FA008AFFC90F53705F2 /* Pods-xicaibao.debug.xcconfig */ = {isa = PBXFileReference; includeInIndex = 1; lastKnownFileType = text.xcconfig; name = "Pods-xicaibao.debug.xcconfig"; path = "Pods/Target Support Files/Pods-xicaibao/Pods-xicaibao.debug.xcconfig"; sourceTree = "<group>"; };
		4A03552A56156943187AC84F /* Pods-xicaibao.release.xcconfig */ = {isa = PBXFileReference; includeInIndex = 1; lastKnownFileType = text.xcconfig; name = "Pods-xicaibao.release.xcconfig"; path = "Pods/Target Support Files/Pods-xicaibao/Pods-xicaibao.release.xcconfig"; sourceTree = "<group>"; };
		9D0DCE8A1E8DE7C500F392D7 /* Wallet.storyboard */ = {isa = PBXFileReference; fileEncoding = 4; lastKnownFileType = file.storyboard; path = Wallet.storyboard; sourceTree = "<group>"; };
		9D0DCE8D1E8E046800F392D7 /* WalletTableViewController.swift */ = {isa = PBXFileReference; fileEncoding = 4; lastKnownFileType = sourcecode.swift; path = WalletTableViewController.swift; sourceTree = "<group>"; };
		9D0DCE901E8E07C700F392D7 /* RechargeViewController.swift */ = {isa = PBXFileReference; fileEncoding = 4; lastKnownFileType = sourcecode.swift; path = RechargeViewController.swift; sourceTree = "<group>"; };
		9D0DCE931E8E081800F392D7 /* Recharge.storyboard */ = {isa = PBXFileReference; fileEncoding = 4; lastKnownFileType = file.storyboard; path = Recharge.storyboard; sourceTree = "<group>"; };
		9D0DCE961E8E366F00F392D7 /* AddBankCardViewController.swift */ = {isa = PBXFileReference; fileEncoding = 4; lastKnownFileType = sourcecode.swift; path = AddBankCardViewController.swift; sourceTree = "<group>"; };
		9D2853951E9B688C00CC7275 /* FriendDetailViewController.swift */ = {isa = PBXFileReference; fileEncoding = 4; lastKnownFileType = sourcecode.swift; path = FriendDetailViewController.swift; sourceTree = "<group>"; };
		9D2853981E9B689F00CC7275 /* FriendDetail.storyboard */ = {isa = PBXFileReference; fileEncoding = 4; lastKnownFileType = file.storyboard; path = FriendDetail.storyboard; sourceTree = "<group>"; };
		9D28539B1E9B802500CC7275 /* SetNickNameViewController.swift */ = {isa = PBXFileReference; fileEncoding = 4; lastKnownFileType = sourcecode.swift; path = SetNickNameViewController.swift; sourceTree = "<group>"; };
		9D41C9A91E8364520083FF65 /* AppSecrets.swift */ = {isa = PBXFileReference; fileEncoding = 4; lastKnownFileType = sourcecode.swift; path = AppSecrets.swift; sourceTree = "<group>"; };
		9D41C9AB1E8365EA0083FF65 /* xicaibao-Bridging-Header.h */ = {isa = PBXFileReference; fileEncoding = 4; lastKnownFileType = sourcecode.c.h; path = "xicaibao-Bridging-Header.h"; sourceTree = "<group>"; };
		9D508F831E9CB90D00B42CF5 /* ContactSearchViewController.swift */ = {isa = PBXFileReference; fileEncoding = 4; lastKnownFileType = sourcecode.swift; path = ContactSearchViewController.swift; sourceTree = "<group>"; };
		9D508F861E9CC16B00B42CF5 /* ContactSearch.storyboard */ = {isa = PBXFileReference; fileEncoding = 4; lastKnownFileType = file.storyboard; path = ContactSearch.storyboard; sourceTree = "<group>"; };
		9D59683A1E972F0800268D84 /* AddFriendSearchViewController.swift */ = {isa = PBXFileReference; fileEncoding = 4; lastKnownFileType = sourcecode.swift; path = AddFriendSearchViewController.swift; sourceTree = "<group>"; };
		9D59683D1E9769F200268D84 /* AddFriendDetailViewController.swift */ = {isa = PBXFileReference; fileEncoding = 4; lastKnownFileType = sourcecode.swift; path = AddFriendDetailViewController.swift; sourceTree = "<group>"; };
		9D5968401E97769F00268D84 /* AddFriendDetail.storyboard */ = {isa = PBXFileReference; fileEncoding = 4; lastKnownFileType = file.storyboard; path = AddFriendDetail.storyboard; sourceTree = "<group>"; };
		9D59684B1E979B7900268D84 /* CardListCellTableViewCell.xib */ = {isa = PBXFileReference; fileEncoding = 4; lastKnownFileType = file.xib; path = CardListCellTableViewCell.xib; sourceTree = "<group>"; };
		9D59684C1E979B7900268D84 /* CardListCellTableViewCell.swift */ = {isa = PBXFileReference; fileEncoding = 4; lastKnownFileType = sourcecode.swift; path = CardListCellTableViewCell.swift; sourceTree = "<group>"; };
		9D5F27621E9DCA6300FF3DCD /* DateHelper.swift */ = {isa = PBXFileReference; fileEncoding = 4; lastKnownFileType = sourcecode.swift; path = DateHelper.swift; sourceTree = "<group>"; };
		9D5F27651E9DCB3800FF3DCD /* ChatMessage.swift */ = {isa = PBXFileReference; fileEncoding = 4; lastKnownFileType = sourcecode.swift; path = ChatMessage.swift; sourceTree = "<group>"; };
		9D5F27681E9DCCB000FF3DCD /* ChatRoom.swift */ = {isa = PBXFileReference; fileEncoding = 4; lastKnownFileType = sourcecode.swift; path = ChatRoom.swift; sourceTree = "<group>"; };
		9D5F276C1E9DD16400FF3DCD /* BaseTableViewController.swift */ = {isa = PBXFileReference; fileEncoding = 4; lastKnownFileType = sourcecode.swift; path = BaseTableViewController.swift; sourceTree = "<group>"; };
		9D5F276F1E9DFF4000FF3DCD /* ChatTableViewCell.swift */ = {isa = PBXFileReference; fileEncoding = 4; lastKnownFileType = sourcecode.swift; path = ChatTableViewCell.swift; sourceTree = "<group>"; };
		9D5F27701E9DFF4000FF3DCD /* ChatTableViewCell.xib */ = {isa = PBXFileReference; fileEncoding = 4; lastKnownFileType = file.xib; path = ChatTableViewCell.xib; sourceTree = "<group>"; };
		9D5F27751E9E182500FF3DCD /* ChatMessageCell_Incoming.swift */ = {isa = PBXFileReference; fileEncoding = 4; lastKnownFileType = sourcecode.swift; path = ChatMessageCell_Incoming.swift; sourceTree = "<group>"; };
		9D5F27761E9E182500FF3DCD /* ChatMessageCell_Incoming.xib */ = {isa = PBXFileReference; fileEncoding = 4; lastKnownFileType = file.xib; path = ChatMessageCell_Incoming.xib; sourceTree = "<group>"; };
		9D5F27811E9E1AC200FF3DCD /* ChatMessageCell_Outgoing.swift */ = {isa = PBXFileReference; fileEncoding = 4; lastKnownFileType = sourcecode.swift; path = ChatMessageCell_Outgoing.swift; sourceTree = "<group>"; };
		9D5F27821E9E1AC200FF3DCD /* ChatMessageCell_Outgoing.xib */ = {isa = PBXFileReference; fileEncoding = 4; lastKnownFileType = file.xib; path = ChatMessageCell_Outgoing.xib; sourceTree = "<group>"; };
		9D5F27871E9E1E0E00FF3DCD /* ZSY_BubbleImageFactory.swift */ = {isa = PBXFileReference; fileEncoding = 4; lastKnownFileType = sourcecode.swift; path = ZSY_BubbleImageFactory.swift; sourceTree = "<group>"; };
		9D5F278A1E9E1E4700FF3DCD /* ZSY_MessageBubbleImage.swift */ = {isa = PBXFileReference; fileEncoding = 4; lastKnownFileType = sourcecode.swift; path = ZSY_MessageBubbleImage.swift; sourceTree = "<group>"; };
		9D5F278D1E9E1EFB00FF3DCD /* ZSY_ChatMessagesSize.swift */ = {isa = PBXFileReference; fileEncoding = 4; lastKnownFileType = sourcecode.swift; path = ZSY_ChatMessagesSize.swift; sourceTree = "<group>"; };
		9D5F27901E9E1F7A00FF3DCD /* ScreenMacro.swift */ = {isa = PBXFileReference; fileEncoding = 4; lastKnownFileType = sourcecode.swift; path = ScreenMacro.swift; sourceTree = "<group>"; };
		9D5F27931E9E24E300FF3DCD /* BaseViewController.swift */ = {isa = PBXFileReference; fileEncoding = 4; lastKnownFileType = sourcecode.swift; path = BaseViewController.swift; sourceTree = "<group>"; };
		9D5F27961E9E256400FF3DCD /* ChatMessagesTextView.swift */ = {isa = PBXFileReference; fileEncoding = 4; lastKnownFileType = sourcecode.swift; path = ChatMessagesTextView.swift; sourceTree = "<group>"; };
		9D5F27991E9E25C200FF3DCD /* BaseTextView.swift */ = {isa = PBXFileReference; fileEncoding = 4; lastKnownFileType = sourcecode.swift; path = BaseTextView.swift; sourceTree = "<group>"; };
		9D5F279C1E9E261E00FF3DCD /* ChatMessagesSendButton.swift */ = {isa = PBXFileReference; fileEncoding = 4; lastKnownFileType = sourcecode.swift; path = ChatMessagesSendButton.swift; sourceTree = "<group>"; };
		9D6B77601E825313001AB48C /* xicaibao.app */ = {isa = PBXFileReference; explicitFileType = wrapper.application; includeInIndex = 0; path = xicaibao.app; sourceTree = BUILT_PRODUCTS_DIR; };
		9D6B77631E825313001AB48C /* AppDelegate.swift */ = {isa = PBXFileReference; lastKnownFileType = sourcecode.swift; path = AppDelegate.swift; sourceTree = "<group>"; };
		9D6B776A1E825313001AB48C /* Assets.xcassets */ = {isa = PBXFileReference; lastKnownFileType = folder.assetcatalog; path = Assets.xcassets; sourceTree = "<group>"; };
		9D6B776D1E825313001AB48C /* Base */ = {isa = PBXFileReference; lastKnownFileType = file.storyboard; name = Base; path = Base.lproj/LaunchScreen.storyboard; sourceTree = "<group>"; };
		9D6B776F1E825313001AB48C /* Info.plist */ = {isa = PBXFileReference; lastKnownFileType = text.plist.xml; path = Info.plist; sourceTree = "<group>"; };
		9DA760BC1E94C1030049E2E4 /* InitiateChat.storyboard */ = {isa = PBXFileReference; fileEncoding = 4; lastKnownFileType = file.storyboard; path = InitiateChat.storyboard; sourceTree = "<group>"; };
		9DA760BF1E94C19F0049E2E4 /* InitiateChatTableViewController.swift */ = {isa = PBXFileReference; fileEncoding = 4; lastKnownFileType = sourcecode.swift; path = InitiateChatTableViewController.swift; sourceTree = "<group>"; };
		9DA760C21E94DD520049E2E4 /* AddFriendTableViewController.swift */ = {isa = PBXFileReference; fileEncoding = 4; lastKnownFileType = sourcecode.swift; name = AddFriendTableViewController.swift; path = xicaibao/ViewControllers/Chat/AddFriendTableViewController.swift; sourceTree = SOURCE_ROOT; };
		9DA760C51E94DD680049E2E4 /* AddFriend.storyboard */ = {isa = PBXFileReference; fileEncoding = 4; lastKnownFileType = file.storyboard; name = AddFriend.storyboard; path = xicaibao/ViewControllers/Chat/AddFriend.storyboard; sourceTree = SOURCE_ROOT; };
		9DA760C91E94EC8A0049E2E4 /* ChatRoom.storyboard */ = {isa = PBXFileReference; fileEncoding = 4; lastKnownFileType = file.storyboard; path = ChatRoom.storyboard; sourceTree = "<group>"; };
		9DA760CC1E94EC9E0049E2E4 /* ChatRoomMessageViewController.swift */ = {isa = PBXFileReference; fileEncoding = 4; lastKnownFileType = sourcecode.swift; path = ChatRoomMessageViewController.swift; sourceTree = "<group>"; };
		9DB57F811E8CFB32007AC25F /* SendMailHelper.swift */ = {isa = PBXFileReference; fileEncoding = 4; lastKnownFileType = sourcecode.swift; path = SendMailHelper.swift; sourceTree = "<group>"; };
		9DB57F841E8D090B007AC25F /* AboutViewController.swift */ = {isa = PBXFileReference; fileEncoding = 4; lastKnownFileType = sourcecode.swift; path = AboutViewController.swift; sourceTree = "<group>"; };
		9DCE922A1E8E3F0700198FA7 /* BankCardListTableViewController.swift */ = {isa = PBXFileReference; fileEncoding = 4; lastKnownFileType = sourcecode.swift; path = BankCardListTableViewController.swift; sourceTree = "<group>"; };
		9DCE922D1E8E419B00198FA7 /* BankCardData.swift */ = {isa = PBXFileReference; fileEncoding = 4; lastKnownFileType = sourcecode.swift; path = BankCardData.swift; sourceTree = "<group>"; };
		9DCE92301E8E490100198FA7 /* AddBankCard.storyboard */ = {isa = PBXFileReference; fileEncoding = 4; lastKnownFileType = file.storyboard; path = AddBankCard.storyboard; sourceTree = "<group>"; };
		9DCE92331E8E4A6000198FA7 /* Crash.storyboard */ = {isa = PBXFileReference; fileEncoding = 4; lastKnownFileType = file.storyboard; path = Crash.storyboard; sourceTree = "<group>"; };
		9DCE92361E8E4A8900198FA7 /* CrashViewController.swift */ = {isa = PBXFileReference; fileEncoding = 4; lastKnownFileType = sourcecode.swift; path = CrashViewController.swift; sourceTree = "<group>"; };
		9DCE92391E8E527900198FA7 /* CardDetailTableViewController.swift */ = {isa = PBXFileReference; fileEncoding = 4; lastKnownFileType = sourcecode.swift; path = CardDetailTableViewController.swift; sourceTree = "<group>"; };
		9DCE923C1E8E528C00198FA7 /* CardTableViewController.swift */ = {isa = PBXFileReference; fileEncoding = 4; lastKnownFileType = sourcecode.swift; path = CardTableViewController.swift; sourceTree = "<group>"; };
		9DCE92461E8E555600198FA7 /* LiveViewController.swift */ = {isa = PBXFileReference; fileEncoding = 4; lastKnownFileType = sourcecode.swift; path = LiveViewController.swift; sourceTree = "<group>"; };
		9DCE92491E8E556E00198FA7 /* Live.storyboard */ = {isa = PBXFileReference; fileEncoding = 4; lastKnownFileType = file.storyboard; path = Live.storyboard; sourceTree = "<group>"; };
		9DECCAAA1E8B52F90012CAA4 /* User.swift */ = {isa = PBXFileReference; fileEncoding = 4; lastKnownFileType = sourcecode.swift; path = User.swift; sourceTree = "<group>"; };
		9DECCAAD1E8B53330012CAA4 /* ApiManager.swift */ = {isa = PBXFileReference; fileEncoding = 4; lastKnownFileType = sourcecode.swift; path = ApiManager.swift; sourceTree = "<group>"; };
		9DECCAAE1E8B53330012CAA4 /* ColorValue.swift */ = {isa = PBXFileReference; fileEncoding = 4; lastKnownFileType = sourcecode.swift; path = ColorValue.swift; sourceTree = "<group>"; };
		9DECCAAF1E8B53330012CAA4 /* FormatHelper.swift */ = {isa = PBXFileReference; fileEncoding = 4; lastKnownFileType = sourcecode.swift; path = FormatHelper.swift; sourceTree = "<group>"; };
		9DECCAB01E8B53330012CAA4 /* LoginManager.swift */ = {isa = PBXFileReference; fileEncoding = 4; lastKnownFileType = sourcecode.swift; path = LoginManager.swift; sourceTree = "<group>"; };
		9DECCAB11E8B53330012CAA4 /* ModelErrorManager.swift */ = {isa = PBXFileReference; fileEncoding = 4; lastKnownFileType = sourcecode.swift; path = ModelErrorManager.swift; sourceTree = "<group>"; };
		9DECCAB21E8B53330012CAA4 /* SystemPathHelper.swift */ = {isa = PBXFileReference; fileEncoding = 4; lastKnownFileType = sourcecode.swift; path = SystemPathHelper.swift; sourceTree = "<group>"; };
		9DECCABB1E8B56850012CAA4 /* Card.storyboard */ = {isa = PBXFileReference; fileEncoding = 4; lastKnownFileType = file.storyboard; path = Card.storyboard; sourceTree = "<group>"; };
		9DECCABE1E8B56850012CAA4 /* Chat.storyboard */ = {isa = PBXFileReference; fileEncoding = 4; lastKnownFileType = file.storyboard; path = Chat.storyboard; sourceTree = "<group>"; };
		9DECCABF1E8B56850012CAA4 /* ChatViewController.swift */ = {isa = PBXFileReference; fileEncoding = 4; lastKnownFileType = sourcecode.swift; path = ChatViewController.swift; sourceTree = "<group>"; };
		9DECCAC11E8B56850012CAA4 /* Contact.storyboard */ = {isa = PBXFileReference; fileEncoding = 4; lastKnownFileType = file.storyboard; path = Contact.storyboard; sourceTree = "<group>"; };
		9DECCAC21E8B56850012CAA4 /* ContactViewController.swift */ = {isa = PBXFileReference; fileEncoding = 4; lastKnownFileType = sourcecode.swift; path = ContactViewController.swift; sourceTree = "<group>"; };
		9DECCAC41E8B56850012CAA4 /* Main.storyboard */ = {isa = PBXFileReference; fileEncoding = 4; lastKnownFileType = file.storyboard; path = Main.storyboard; sourceTree = "<group>"; };
		9DECCAC51E8B56850012CAA4 /* MainViewController.swift */ = {isa = PBXFileReference; fileEncoding = 4; lastKnownFileType = sourcecode.swift; path = MainViewController.swift; sourceTree = "<group>"; };
		9DECCAC91E8B56850012CAA4 /* Login.storyboard */ = {isa = PBXFileReference; fileEncoding = 4; lastKnownFileType = file.storyboard; path = Login.storyboard; sourceTree = "<group>"; };
		9DECCACA1E8B56850012CAA4 /* LoginNavigationController.swift */ = {isa = PBXFileReference; fileEncoding = 4; lastKnownFileType = sourcecode.swift; path = LoginNavigationController.swift; sourceTree = "<group>"; };
		9DECCACB1E8B56850012CAA4 /* LoginTableViewController.swift */ = {isa = PBXFileReference; fileEncoding = 4; lastKnownFileType = sourcecode.swift; path = LoginTableViewController.swift; sourceTree = "<group>"; };
		9DECCACC1E8B56850012CAA4 /* Profile.storyboard */ = {isa = PBXFileReference; fileEncoding = 4; lastKnownFileType = file.storyboard; name = Profile.storyboard; path = Profile/Profile.storyboard; sourceTree = "<group>"; };
		9DECCACD1E8B56850012CAA4 /* ProfileViewController.swift */ = {isa = PBXFileReference; fileEncoding = 4; lastKnownFileType = sourcecode.swift; name = ProfileViewController.swift; path = Profile/ProfileViewController.swift; sourceTree = "<group>"; };
		9DECCACF1E8B56850012CAA4 /* ResetPassword.storyboard */ = {isa = PBXFileReference; fileEncoding = 4; lastKnownFileType = file.storyboard; path = ResetPassword.storyboard; sourceTree = "<group>"; };
		9DECCAD01E8B56850012CAA4 /* ResetPasswordTableViewController.swift */ = {isa = PBXFileReference; fileEncoding = 4; lastKnownFileType = sourcecode.swift; path = ResetPasswordTableViewController.swift; sourceTree = "<group>"; };
		9DECCAD21E8B56850012CAA4 /* Signup.storyboard */ = {isa = PBXFileReference; fileEncoding = 4; lastKnownFileType = file.storyboard; path = Signup.storyboard; sourceTree = "<group>"; };
		9DECCAD31E8B56850012CAA4 /* SignupTableViewController.swift */ = {isa = PBXFileReference; fileEncoding = 4; lastKnownFileType = sourcecode.swift; path = SignupTableViewController.swift; sourceTree = "<group>"; };
		9DECCAD51E8B56850012CAA4 /* EditNameTableViewController.swift */ = {isa = PBXFileReference; fileEncoding = 4; lastKnownFileType = sourcecode.swift; path = EditNameTableViewController.swift; sourceTree = "<group>"; };
		9DECCAD61E8B56850012CAA4 /* UserInfoTableViewController.swift */ = {isa = PBXFileReference; fileEncoding = 4; lastKnownFileType = sourcecode.swift; path = UserInfoTableViewController.swift; sourceTree = "<group>"; };
		9DECCAEA1E8B5FA30012CAA4 /* Card.swift */ = {isa = PBXFileReference; fileEncoding = 4; lastKnownFileType = sourcecode.swift; path = Card.swift; sourceTree = "<group>"; };
		9DECCAED1E8B86A50012CAA4 /* CreateCardTableViewController.swift */ = {isa = PBXFileReference; fileEncoding = 4; lastKnownFileType = sourcecode.swift; path = CreateCardTableViewController.swift; sourceTree = "<group>"; };
		9DECCAF01E8B86C70012CAA4 /* CreateCard.storyboard */ = {isa = PBXFileReference; fileEncoding = 4; lastKnownFileType = file.storyboard; path = CreateCard.storyboard; sourceTree = "<group>"; };
		9DECCAF31E8B86EA0012CAA4 /* EditCardTableViewController.swift */ = {isa = PBXFileReference; fileEncoding = 4; lastKnownFileType = sourcecode.swift; path = EditCardTableViewController.swift; sourceTree = "<group>"; };
		9DECCAFA1E8BA87E0012CAA4 /* AccountSettingTableViewController.swift */ = {isa = PBXFileReference; fileEncoding = 4; lastKnownFileType = sourcecode.swift; path = AccountSettingTableViewController.swift; sourceTree = "<group>"; };
		9DECCAFD1E8BA8D70012CAA4 /* AccountSetting.storyboard */ = {isa = PBXFileReference; fileEncoding = 4; lastKnownFileType = file.storyboard; path = AccountSetting.storyboard; sourceTree = "<group>"; };
		9DECCB091E8BAFF70012CAA4 /* NewMessageSettingTableViewController.swift */ = {isa = PBXFileReference; fileEncoding = 4; lastKnownFileType = sourcecode.swift; path = NewMessageSettingTableViewController.swift; sourceTree = "<group>"; };
		9DECCB0C1E8BB0640012CAA4 /* NoMessageSettingTableViewController.swift */ = {isa = PBXFileReference; fileEncoding = 4; lastKnownFileType = sourcecode.swift; path = NoMessageSettingTableViewController.swift; sourceTree = "<group>"; };
		9DFEE88A1E8F59CD0098C54F /* KxMenu.h */ = {isa = PBXFileReference; fileEncoding = 4; lastKnownFileType = sourcecode.c.h; path = KxMenu.h; sourceTree = "<group>"; };
		9DFEE88B1E8F59CD0098C54F /* KxMenu.m */ = {isa = PBXFileReference; fileEncoding = 4; lastKnownFileType = sourcecode.c.objc; path = KxMenu.m; sourceTree = "<group>"; };
		9DFEE88E1E8F5A6B0098C54F /* UIColor+RCColor.h */ = {isa = PBXFileReference; fileEncoding = 4; lastKnownFileType = sourcecode.c.h; path = "UIColor+RCColor.h"; sourceTree = "<group>"; };
		9DFEE88F1E8F5A6B0098C54F /* UIColor+RCColor.m */ = {isa = PBXFileReference; fileEncoding = 4; lastKnownFileType = sourcecode.c.objc; path = "UIColor+RCColor.m"; sourceTree = "<group>"; };
		9DFEE8921E8F5A970098C54F /* UIImage+RCImage.h */ = {isa = PBXFileReference; fileEncoding = 4; lastKnownFileType = sourcecode.c.h; path = "UIImage+RCImage.h"; sourceTree = "<group>"; };
		9DFEE8931E8F5A970098C54F /* UIImage+RCImage.m */ = {isa = PBXFileReference; fileEncoding = 4; lastKnownFileType = sourcecode.c.objc; path = "UIImage+RCImage.m"; sourceTree = "<group>"; };
		9DFEE89A1E8F97360098C54F /* CarouselView.swift */ = {isa = PBXFileReference; fileEncoding = 4; lastKnownFileType = sourcecode.swift; path = CarouselView.swift; sourceTree = "<group>"; };
		9DFEE89C1E8F97360098C54F /* CarouselView.xib */ = {isa = PBXFileReference; fileEncoding = 4; lastKnownFileType = file.xib; path = CarouselView.xib; sourceTree = "<group>"; };
		9DFF90001E84F773004A5E00 /* xicaibao-QA.app */ = {isa = PBXFileReference; explicitFileType = wrapper.application; includeInIndex = 0; path = "xicaibao-QA.app"; sourceTree = BUILT_PRODUCTS_DIR; };
		9DFF90011E84F773004A5E00 /* xicaibao-QA.plist */ = {isa = PBXFileReference; lastKnownFileType = text.plist.xml; name = "xicaibao-QA.plist"; path = "/Users/impressly/ios/xicaibao/xicaibao-QA.plist"; sourceTree = "<absolute>"; };
		9DFF900F1E84FFEF004A5E00 /* SMS_SDK.framework */ = {isa = PBXFileReference; lastKnownFileType = wrapper.framework; path = SMS_SDK.framework; sourceTree = "<group>"; };
		9DFF90161E85019B004A5E00 /* libz.tbd */ = {isa = PBXFileReference; lastKnownFileType = "sourcecode.text-based-dylib-definition"; name = libz.tbd; path = usr/lib/libz.tbd; sourceTree = SDKROOT; };
		9DFF90181E8501AA004A5E00 /* libicucore.tbd */ = {isa = PBXFileReference; lastKnownFileType = "sourcecode.text-based-dylib-definition"; name = libicucore.tbd; path = usr/lib/libicucore.tbd; sourceTree = SDKROOT; };
		9DFF901A1E8501BB004A5E00 /* MessageUI.framework */ = {isa = PBXFileReference; lastKnownFileType = wrapper.framework; name = MessageUI.framework; path = System/Library/Frameworks/MessageUI.framework; sourceTree = SDKROOT; };
		9DFF901C1E8501C4004A5E00 /* JavaScriptCore.framework */ = {isa = PBXFileReference; lastKnownFileType = wrapper.framework; name = JavaScriptCore.framework; path = System/Library/Frameworks/JavaScriptCore.framework; sourceTree = SDKROOT; };
		9DFF901E1E8501D9004A5E00 /* libstdc++.6.0.9.tbd */ = {isa = PBXFileReference; lastKnownFileType = "sourcecode.text-based-dylib-definition"; name = "libstdc++.6.0.9.tbd"; path = "usr/lib/libstdc++.6.0.9.tbd"; sourceTree = SDKROOT; };
		9DFF901F1E8501D9004A5E00 /* libstdc++.6.tbd */ = {isa = PBXFileReference; lastKnownFileType = "sourcecode.text-based-dylib-definition"; name = "libstdc++.6.tbd"; path = "usr/lib/libstdc++.6.tbd"; sourceTree = SDKROOT; };
		9DFF90201E8501D9004A5E00 /* libstdc++.tbd */ = {isa = PBXFileReference; lastKnownFileType = "sourcecode.text-based-dylib-definition"; name = "libstdc++.tbd"; path = "usr/lib/libstdc++.tbd"; sourceTree = SDKROOT; };
		9DFF90241E850513004A5E00 /* libz.1.tbd */ = {isa = PBXFileReference; lastKnownFileType = "sourcecode.text-based-dylib-definition"; name = libz.1.tbd; path = usr/lib/libz.1.tbd; sourceTree = SDKROOT; };
		9DFF90261E850537004A5E00 /* libicucore.A.tbd */ = {isa = PBXFileReference; lastKnownFileType = "sourcecode.text-based-dylib-definition"; name = libicucore.A.tbd; path = usr/lib/libicucore.A.tbd; sourceTree = SDKROOT; };
		9DFF902A1E85058F004A5E00 /* MOBFoundation.framework */ = {isa = PBXFileReference; lastKnownFileType = wrapper.framework; path = MOBFoundation.framework; sourceTree = "<group>"; };
		9DFF902B1E85058F004A5E00 /* MOBFoundationEx.framework */ = {isa = PBXFileReference; lastKnownFileType = wrapper.framework; path = MOBFoundationEx.framework; sourceTree = "<group>"; };
		ADFD874E9B4AB94DB10BEF63 /* Pods_xicaibao.framework */ = {isa = PBXFileReference; explicitFileType = wrapper.framework; includeInIndex = 0; path = Pods_xicaibao.framework; sourceTree = BUILT_PRODUCTS_DIR; };
/* End PBXFileReference section */

/* Begin PBXFrameworksBuildPhase section */
		9D6B775D1E825313001AB48C /* Frameworks */ = {
			isa = PBXFrameworksBuildPhase;
			buildActionMask = 2147483647;
			files = (
				9DFF90281E85055D004A5E00 /* libstdc++.6.0.9.tbd in Frameworks */,
				9DFF902C1E85058F004A5E00 /* MOBFoundation.framework in Frameworks */,
				9DFF90291E85055D004A5E00 /* libstdc++.6.tbd in Frameworks */,
				9DFF90231E8501D9004A5E00 /* libstdc++.tbd in Frameworks */,
				9DFF90271E850537004A5E00 /* libicucore.A.tbd in Frameworks */,
				9DFF90191E8501AA004A5E00 /* libicucore.tbd in Frameworks */,
				9DFF90171E85019B004A5E00 /* libz.tbd in Frameworks */,
				9DFF901D1E8501C4004A5E00 /* JavaScriptCore.framework in Frameworks */,
				9DFF901B1E8501BB004A5E00 /* MessageUI.framework in Frameworks */,
				9DFF90141E84FFEF004A5E00 /* SMS_SDK.framework in Frameworks */,
				9CC0C7ABE1BB9BBF1C82A92C /* Pods_xicaibao.framework in Frameworks */,
				9DFF902E1E85058F004A5E00 /* MOBFoundationEx.framework in Frameworks */,
				009B66BEC4009E807397BE92 /* Pods_xicaibao.framework in Frameworks */,
			);
			runOnlyForDeploymentPostprocessing = 0;
		};
		9DFF8FED1E84F773004A5E00 /* Frameworks */ = {
			isa = PBXFrameworksBuildPhase;
			buildActionMask = 2147483647;
			files = (
				9DFF90351E8505DC004A5E00 /* libstdc++.tbd in Frameworks */,
				9DFF90341E8505D0004A5E00 /* JavaScriptCore.framework in Frameworks */,
				9DFF90331E8505C8004A5E00 /* MessageUI.framework in Frameworks */,
				9DFF90311E8505BD004A5E00 /* libicucore.A.tbd in Frameworks */,
				9DFF90321E8505BD004A5E00 /* libicucore.tbd in Frameworks */,
				9DFF90301E8505B2004A5E00 /* libz.tbd in Frameworks */,
				9DFF902D1E85058F004A5E00 /* MOBFoundation.framework in Frameworks */,
				9DFF90151E84FFEF004A5E00 /* SMS_SDK.framework in Frameworks */,
				9DFF902F1E85058F004A5E00 /* MOBFoundationEx.framework in Frameworks */,
			);
			runOnlyForDeploymentPostprocessing = 0;
		};
/* End PBXFrameworksBuildPhase section */

/* Begin PBXGroup section */
		9D0DCE891E8DE79B00F392D7 /* Wallet */ = {
			isa = PBXGroup;
			children = (
				9D0DCE8A1E8DE7C500F392D7 /* Wallet.storyboard */,
				9D0DCE8D1E8E046800F392D7 /* WalletTableViewController.swift */,
				9D0DCE931E8E081800F392D7 /* Recharge.storyboard */,
				9D0DCE901E8E07C700F392D7 /* RechargeViewController.swift */,
				9DCE92301E8E490100198FA7 /* AddBankCard.storyboard */,
				9D0DCE961E8E366F00F392D7 /* AddBankCardViewController.swift */,
				9DCE922A1E8E3F0700198FA7 /* BankCardListTableViewController.swift */,
				9DCE92331E8E4A6000198FA7 /* Crash.storyboard */,
				9DCE92361E8E4A8900198FA7 /* CrashViewController.swift */,
			);
			path = Wallet;
			sourceTree = "<group>";
		};
		9D508F891E9CC66100B42CF5 /* Chat */ = {
			isa = PBXGroup;
			children = (
				9D5F27701E9DFF4000FF3DCD /* ChatTableViewCell.xib */,
				9D5F276F1E9DFF4000FF3DCD /* ChatTableViewCell.swift */,
				9D5F27761E9E182500FF3DCD /* ChatMessageCell_Incoming.xib */,
				9D5F27751E9E182500FF3DCD /* ChatMessageCell_Incoming.swift */,
				9D5F27821E9E1AC200FF3DCD /* ChatMessageCell_Outgoing.xib */,
				9D5F27811E9E1AC200FF3DCD /* ChatMessageCell_Outgoing.swift */,
			);
			path = Chat;
			sourceTree = "<group>";
		};
		9D5968391E972EDC00268D84 /* AddFriend */ = {
			isa = PBXGroup;
			children = (
				9DA760C51E94DD680049E2E4 /* AddFriend.storyboard */,
				9DA760C21E94DD520049E2E4 /* AddFriendTableViewController.swift */,
				9D59683A1E972F0800268D84 /* AddFriendSearchViewController.swift */,
				9D5968401E97769F00268D84 /* AddFriendDetail.storyboard */,
				9D59683D1E9769F200268D84 /* AddFriendDetailViewController.swift */,
			);
			path = AddFriend;
			sourceTree = "<group>";
		};
		9D5968431E97996600268D84 /* Card */ = {
			isa = PBXGroup;
			children = (
				9D59684B1E979B7900268D84 /* CardListCellTableViewCell.xib */,
				9D59684C1E979B7900268D84 /* CardListCellTableViewCell.swift */,
			);
			path = Card;
			sourceTree = "<group>";
		};
		9D5968441E97996D00268D84 /* Contact */ = {
			isa = PBXGroup;
			children = (
			);
			path = Contact;
			sourceTree = "<group>";
		};
		9D5F276B1E9DD13C00FF3DCD /* BaseViews */ = {
			isa = PBXGroup;
			children = (
				9D5F27871E9E1E0E00FF3DCD /* ZSY_BubbleImageFactory.swift */,
				9D5F278A1E9E1E4700FF3DCD /* ZSY_MessageBubbleImage.swift */,
				9D5F278D1E9E1EFB00FF3DCD /* ZSY_ChatMessagesSize.swift */,
				9D5F27901E9E1F7A00FF3DCD /* ScreenMacro.swift */,
				9D5F276C1E9DD16400FF3DCD /* BaseTableViewController.swift */,
				9D5F27931E9E24E300FF3DCD /* BaseViewController.swift */,
				9D5F27961E9E256400FF3DCD /* ChatMessagesTextView.swift */,
				9D5F27991E9E25C200FF3DCD /* BaseTextView.swift */,
				9D5F279C1E9E261E00FF3DCD /* ChatMessagesSendButton.swift */,
			);
			path = BaseViews;
			sourceTree = "<group>";
		};
		9D6B77571E825313001AB48C = {
			isa = PBXGroup;
			children = (
				9DFF900B1E84FFC3004A5E00 /* Vendors */,
				9D6B77621E825313001AB48C /* xicaibao */,
				9D6B77611E825313001AB48C /* Products */,
				A6F24B7CFBF41F0540EDA08C /* Pods */,
				EB65AFB6D5DE77BADFEEC078 /* Frameworks */,
				9DFF90011E84F773004A5E00 /* xicaibao-QA.plist */,
			);
			sourceTree = "<group>";
		};
		9D6B77611E825313001AB48C /* Products */ = {
			isa = PBXGroup;
			children = (
				9D6B77601E825313001AB48C /* xicaibao.app */,
				9DFF90001E84F773004A5E00 /* xicaibao-QA.app */,
			);
			name = Products;
			sourceTree = "<group>";
		};
		9D6B77621E825313001AB48C /* xicaibao */ = {
			isa = PBXGroup;
			children = (
				9D5F276B1E9DD13C00FF3DCD /* BaseViews */,
				9DECCAAC1E8B53330012CAA4 /* Helpers */,
				9DECCAA91E8B52F90012CAA4 /* Models */,
				9DECCAB91E8B56850012CAA4 /* ViewControllers */,
				9DCE923F1E8E52CA00198FA7 /* Views */,
				9D6B77631E825313001AB48C /* AppDelegate.swift */,
				9D41C9A91E8364520083FF65 /* AppSecrets.swift */,
				9D41C9AB1E8365EA0083FF65 /* xicaibao-Bridging-Header.h */,
				9D6B776A1E825313001AB48C /* Assets.xcassets */,
				9D6B776C1E825313001AB48C /* LaunchScreen.storyboard */,
				9D6B776F1E825313001AB48C /* Info.plist */,
			);
			path = xicaibao;
			sourceTree = "<group>";
		};
		9DA760C81E94EC7A0049E2E4 /* ChatRoom */ = {
			isa = PBXGroup;
			children = (
				9DA760C91E94EC8A0049E2E4 /* ChatRoom.storyboard */,
				9DA760CC1E94EC9E0049E2E4 /* ChatRoomMessageViewController.swift */,
			);
			name = ChatRoom;
			path = chatRoom;
			sourceTree = "<group>";
		};
		9DCE923F1E8E52CA00198FA7 /* Views */ = {
			isa = PBXGroup;
			children = (
				9D508F891E9CC66100B42CF5 /* Chat */,
				9D5968441E97996D00268D84 /* Contact */,
				9D5968431E97996600268D84 /* Card */,
			);
			path = Views;
			sourceTree = "<group>";
		};
		9DECCAA91E8B52F90012CAA4 /* Models */ = {
			isa = PBXGroup;
			children = (
				9DECCAEA1E8B5FA30012CAA4 /* Card.swift */,
				9DECCAAA1E8B52F90012CAA4 /* User.swift */,
				9DCE922D1E8E419B00198FA7 /* BankCardData.swift */,
				9D5F27651E9DCB3800FF3DCD /* ChatMessage.swift */,
				9D5F27681E9DCCB000FF3DCD /* ChatRoom.swift */,
			);
			path = Models;
			sourceTree = "<group>";
		};
		9DECCAAC1E8B53330012CAA4 /* Helpers */ = {
			isa = PBXGroup;
			children = (
				9DECCAAD1E8B53330012CAA4 /* ApiManager.swift */,
				9DECCAAE1E8B53330012CAA4 /* ColorValue.swift */,
				9DECCAAF1E8B53330012CAA4 /* FormatHelper.swift */,
				9DECCAB01E8B53330012CAA4 /* LoginManager.swift */,
				9DECCAB11E8B53330012CAA4 /* ModelErrorManager.swift */,
				9DECCAB21E8B53330012CAA4 /* SystemPathHelper.swift */,
				9DB57F811E8CFB32007AC25F /* SendMailHelper.swift */,
				9D5F27621E9DCA6300FF3DCD /* DateHelper.swift */,
			);
			path = Helpers;
			sourceTree = "<group>";
		};
		9DECCAB91E8B56850012CAA4 /* ViewControllers */ = {
			isa = PBXGroup;
			children = (
				9DECCABA1E8B56850012CAA4 /* Card */,
				9DECCABD1E8B56850012CAA4 /* Chat */,
				9DECCAC01E8B56850012CAA4 /* Contact */,
				9DECCAC31E8B56850012CAA4 /* Live */,
				9DECCAC51E8B56850012CAA4 /* MainViewController.swift */,
				9DECCAC41E8B56850012CAA4 /* Main.storyboard */,
				9DECCAC61E8B56850012CAA4 /* Profile */,
				9DECCACC1E8B56850012CAA4 /* Profile.storyboard */,
				9DECCACD1E8B56850012CAA4 /* ProfileViewController.swift */,
			);
			path = ViewControllers;
			sourceTree = "<group>";
		};
		9DECCABA1E8B56850012CAA4 /* Card */ = {
			isa = PBXGroup;
			children = (
				9DECCABB1E8B56850012CAA4 /* Card.storyboard */,
				9DCE923C1E8E528C00198FA7 /* CardTableViewController.swift */,
				9DCE92391E8E527900198FA7 /* CardDetailTableViewController.swift */,
			);
			path = Card;
			sourceTree = "<group>";
		};
		9DECCABD1E8B56850012CAA4 /* Chat */ = {
			isa = PBXGroup;
			children = (
				9D5968391E972EDC00268D84 /* AddFriend */,
				9DA760C81E94EC7A0049E2E4 /* ChatRoom */,
				9DECCABE1E8B56850012CAA4 /* Chat.storyboard */,
				9DECCABF1E8B56850012CAA4 /* ChatViewController.swift */,
				9DA760BC1E94C1030049E2E4 /* InitiateChat.storyboard */,
				9DA760BF1E94C19F0049E2E4 /* InitiateChatTableViewController.swift */,
			);
			path = Chat;
			sourceTree = "<group>";
		};
		9DECCAC01E8B56850012CAA4 /* Contact */ = {
			isa = PBXGroup;
			children = (
				9DECCAC11E8B56850012CAA4 /* Contact.storyboard */,
				9DECCAC21E8B56850012CAA4 /* ContactViewController.swift */,
				9D2853981E9B689F00CC7275 /* FriendDetail.storyboard */,
				9D2853951E9B688C00CC7275 /* FriendDetailViewController.swift */,
				9D28539B1E9B802500CC7275 /* SetNickNameViewController.swift */,
				9D508F861E9CC16B00B42CF5 /* ContactSearch.storyboard */,
				9D508F831E9CB90D00B42CF5 /* ContactSearchViewController.swift */,
			);
			path = Contact;
			sourceTree = "<group>";
		};
		9DECCAC31E8B56850012CAA4 /* Live */ = {
			isa = PBXGroup;
			children = (
				9DCE92461E8E555600198FA7 /* LiveViewController.swift */,
				9DCE92491E8E556E00198FA7 /* Live.storyboard */,
			);
			path = Live;
			sourceTree = "<group>";
		};
		9DECCAC61E8B56850012CAA4 /* Profile */ = {
			isa = PBXGroup;
			children = (
				9D0DCE891E8DE79B00F392D7 /* Wallet */,
				9DECCAF91E8BA87E0012CAA4 /* AccountSetting */,
				9DECCAEC1E8B85B40012CAA4 /* CreateCard */,
				9DECCAC81E8B56850012CAA4 /* Login */,
				9DECCACE1E8B56850012CAA4 /* ResetPassword */,
				9DECCAD11E8B56850012CAA4 /* Signup */,
				9DECCAD41E8B56850012CAA4 /* UserInfo */,
			);
			path = Profile;
			sourceTree = "<group>";
		};
		9DECCAC81E8B56850012CAA4 /* Login */ = {
			isa = PBXGroup;
			children = (
				9DECCAC91E8B56850012CAA4 /* Login.storyboard */,
				9DECCACA1E8B56850012CAA4 /* LoginNavigationController.swift */,
				9DECCACB1E8B56850012CAA4 /* LoginTableViewController.swift */,
			);
			path = Login;
			sourceTree = "<group>";
		};
		9DECCACE1E8B56850012CAA4 /* ResetPassword */ = {
			isa = PBXGroup;
			children = (
				9DECCACF1E8B56850012CAA4 /* ResetPassword.storyboard */,
				9DECCAD01E8B56850012CAA4 /* ResetPasswordTableViewController.swift */,
			);
			path = ResetPassword;
			sourceTree = "<group>";
		};
		9DECCAD11E8B56850012CAA4 /* Signup */ = {
			isa = PBXGroup;
			children = (
				9DECCAD21E8B56850012CAA4 /* Signup.storyboard */,
				9DECCAD31E8B56850012CAA4 /* SignupTableViewController.swift */,
			);
			path = Signup;
			sourceTree = "<group>";
		};
		9DECCAD41E8B56850012CAA4 /* UserInfo */ = {
			isa = PBXGroup;
			children = (
				9DECCAD51E8B56850012CAA4 /* EditNameTableViewController.swift */,
				9DECCAD61E8B56850012CAA4 /* UserInfoTableViewController.swift */,
			);
			path = UserInfo;
			sourceTree = "<group>";
		};
		9DECCAEC1E8B85B40012CAA4 /* CreateCard */ = {
			isa = PBXGroup;
			children = (
				9DECCAED1E8B86A50012CAA4 /* CreateCardTableViewController.swift */,
				9DECCAF31E8B86EA0012CAA4 /* EditCardTableViewController.swift */,
				9DECCAF01E8B86C70012CAA4 /* CreateCard.storyboard */,
			);
			path = CreateCard;
			sourceTree = "<group>";
		};
		9DECCAF91E8BA87E0012CAA4 /* AccountSetting */ = {
			isa = PBXGroup;
			children = (
				9DECCAFA1E8BA87E0012CAA4 /* AccountSettingTableViewController.swift */,
				9DECCAFD1E8BA8D70012CAA4 /* AccountSetting.storyboard */,
				9DECCB091E8BAFF70012CAA4 /* NewMessageSettingTableViewController.swift */,
				9DECCB0C1E8BB0640012CAA4 /* NoMessageSettingTableViewController.swift */,
				9DB57F841E8D090B007AC25F /* AboutViewController.swift */,
			);
			path = AccountSetting;
			sourceTree = "<group>";
		};
		9DFEE8891E8F59CD0098C54F /* Menu */ = {
			isa = PBXGroup;
			children = (
				9DFEE8921E8F5A970098C54F /* UIImage+RCImage.h */,
				9DFEE8931E8F5A970098C54F /* UIImage+RCImage.m */,
				9DFEE88E1E8F5A6B0098C54F /* UIColor+RCColor.h */,
				9DFEE88F1E8F5A6B0098C54F /* UIColor+RCColor.m */,
				9DFEE88A1E8F59CD0098C54F /* KxMenu.h */,
				9DFEE88B1E8F59CD0098C54F /* KxMenu.m */,
			);
			path = Menu;
			sourceTree = "<group>";
		};
		9DFEE8991E8F97360098C54F /* CarouselView */ = {
			isa = PBXGroup;
			children = (
				9DFEE89A1E8F97360098C54F /* CarouselView.swift */,
				9DFEE89C1E8F97360098C54F /* CarouselView.xib */,
			);
			path = CarouselView;
			sourceTree = "<group>";
		};
		9DFF900B1E84FFC3004A5E00 /* Vendors */ = {
			isa = PBXGroup;
			children = (
				9DFEE8991E8F97360098C54F /* CarouselView */,
				9DFEE8891E8F59CD0098C54F /* Menu */,
				9DFF900C1E84FFEF004A5E00 /* SMS_SDK */,
			);
			name = Vendors;
			path = xicaibao/Vendors;
			sourceTree = "<group>";
		};
		9DFF900C1E84FFEF004A5E00 /* SMS_SDK */ = {
			isa = PBXGroup;
			children = (
				9DFF902A1E85058F004A5E00 /* MOBFoundation.framework */,
				9DFF902B1E85058F004A5E00 /* MOBFoundationEx.framework */,
				9DFF900F1E84FFEF004A5E00 /* SMS_SDK.framework */,
			);
			path = SMS_SDK;
			sourceTree = "<group>";
		};
		A6F24B7CFBF41F0540EDA08C /* Pods */ = {
			isa = PBXGroup;
			children = (
				28BB5FA008AFFC90F53705F2 /* Pods-xicaibao.debug.xcconfig */,
				4A03552A56156943187AC84F /* Pods-xicaibao.release.xcconfig */,
			);
			name = Pods;
			sourceTree = "<group>";
		};
		EB65AFB6D5DE77BADFEEC078 /* Frameworks */ = {
			isa = PBXGroup;
			children = (
				9DFF90261E850537004A5E00 /* libicucore.A.tbd */,
				9DFF90241E850513004A5E00 /* libz.1.tbd */,
				9DFF901E1E8501D9004A5E00 /* libstdc++.6.0.9.tbd */,
				9DFF901F1E8501D9004A5E00 /* libstdc++.6.tbd */,
				9DFF90201E8501D9004A5E00 /* libstdc++.tbd */,
				9DFF901C1E8501C4004A5E00 /* JavaScriptCore.framework */,
				9DFF901A1E8501BB004A5E00 /* MessageUI.framework */,
				9DFF90181E8501AA004A5E00 /* libicucore.tbd */,
				9DFF90161E85019B004A5E00 /* libz.tbd */,
				ADFD874E9B4AB94DB10BEF63 /* Pods_xicaibao.framework */,
			);
			name = Frameworks;
			sourceTree = "<group>";
		};
/* End PBXGroup section */

/* Begin PBXNativeTarget section */
		9D6B775F1E825313001AB48C /* xicaibao */ = {
			isa = PBXNativeTarget;
			buildConfigurationList = 9D6B77721E825313001AB48C /* Build configuration list for PBXNativeTarget "xicaibao" */;
			buildPhases = (
				EC873E54B5052FA54048DA11 /* [CP] Check Pods Manifest.lock */,
				9D6B775C1E825313001AB48C /* Sources */,
				9D6B775D1E825313001AB48C /* Frameworks */,
				9D6B775E1E825313001AB48C /* Resources */,
				E5193B8E411DD344EB15AA19 /* [CP] Embed Pods Frameworks */,
				60CA84D1DBFD5B358656723B /* [CP] Copy Pods Resources */,
			);
			buildRules = (
			);
			dependencies = (
			);
			name = xicaibao;
			productName = xicaibao;
			productReference = 9D6B77601E825313001AB48C /* xicaibao.app */;
			productType = "com.apple.product-type.application";
		};
		9DFF8FDA1E84F773004A5E00 /* xicaibao-QA */ = {
			isa = PBXNativeTarget;
			buildConfigurationList = 9DFF8FFD1E84F773004A5E00 /* Build configuration list for PBXNativeTarget "xicaibao-QA" */;
			buildPhases = (
				9DFF8FDC1E84F773004A5E00 /* Sources */,
				9DFF8FED1E84F773004A5E00 /* Frameworks */,
				9DFF8FF01E84F773004A5E00 /* Resources */,
			);
			buildRules = (
			);
			dependencies = (
			);
			name = "xicaibao-QA";
			productName = xicaibao;
			productReference = 9DFF90001E84F773004A5E00 /* xicaibao-QA.app */;
			productType = "com.apple.product-type.application";
		};
/* End PBXNativeTarget section */

/* Begin PBXProject section */
		9D6B77581E825313001AB48C /* Project object */ = {
			isa = PBXProject;
			attributes = {
				LastSwiftUpdateCheck = 0820;
				LastUpgradeCheck = 0820;
				ORGANIZATIONNAME = impressly;
				TargetAttributes = {
					9D6B775F1E825313001AB48C = {
						CreatedOnToolsVersion = 8.2.1;
						DevelopmentTeam = ZUHYDF6KZU;
						LastSwiftMigration = 0820;
						ProvisioningStyle = Automatic;
					};
					9DFF8FDA1E84F773004A5E00 = {
						DevelopmentTeam = ZUHYDF6KZU;
					};
				};
			};
			buildConfigurationList = 9D6B775B1E825313001AB48C /* Build configuration list for PBXProject "xicaibao" */;
			compatibilityVersion = "Xcode 3.2";
			developmentRegion = English;
			hasScannedForEncodings = 0;
			knownRegions = (
				en,
				Base,
			);
			mainGroup = 9D6B77571E825313001AB48C;
			productRefGroup = 9D6B77611E825313001AB48C /* Products */;
			projectDirPath = "";
			projectRoot = "";
			targets = (
				9D6B775F1E825313001AB48C /* xicaibao */,
				9DFF8FDA1E84F773004A5E00 /* xicaibao-QA */,
			);
		};
/* End PBXProject section */

/* Begin PBXResourcesBuildPhase section */
		9D6B775E1E825313001AB48C /* Resources */ = {
			isa = PBXResourcesBuildPhase;
			buildActionMask = 2147483647;
			files = (
				9DECCADF1E8B56850012CAA4 /* Login.storyboard in Resources */,
				9DA760BD1E94C1030049E2E4 /* InitiateChat.storyboard in Resources */,
				9DCE924A1E8E556E00198FA7 /* Live.storyboard in Resources */,
				9DA760C61E94DD680049E2E4 /* AddFriend.storyboard in Resources */,
				9D5F27731E9DFF4000FF3DCD /* ChatTableViewCell.xib in Resources */,
				9D5F27851E9E1AC200FF3DCD /* ChatMessageCell_Outgoing.xib in Resources */,
				9DFEE8A11E8F97360098C54F /* CarouselView.xib in Resources */,
				9D0DCE8B1E8DE7C500F392D7 /* Wallet.storyboard in Resources */,
				9DECCADD1E8B56850012CAA4 /* Main.storyboard in Resources */,
				9DECCAF11E8B86C70012CAA4 /* CreateCard.storyboard in Resources */,
				9DECCAD71E8B56850012CAA4 /* Card.storyboard in Resources */,
				9D508F871E9CC16B00B42CF5 /* ContactSearch.storyboard in Resources */,
				9DCE92341E8E4A6000198FA7 /* Crash.storyboard in Resources */,
				9DECCADB1E8B56850012CAA4 /* Contact.storyboard in Resources */,
				9D5F27791E9E182500FF3DCD /* ChatMessageCell_Incoming.xib in Resources */,
				9D6B776E1E825313001AB48C /* LaunchScreen.storyboard in Resources */,
				9DECCAE61E8B56850012CAA4 /* Signup.storyboard in Resources */,
				9D6B776B1E825313001AB48C /* Assets.xcassets in Resources */,
				9D5968411E97769F00268D84 /* AddFriendDetail.storyboard in Resources */,
				9DECCAE21E8B56850012CAA4 /* Profile.storyboard in Resources */,
				9DECCAD91E8B56850012CAA4 /* Chat.storyboard in Resources */,
				9DFF90021E84F936004A5E00 /* Info.plist in Resources */,
				9DCE92311E8E490100198FA7 /* AddBankCard.storyboard in Resources */,
				9D0DCE941E8E081800F392D7 /* Recharge.storyboard in Resources */,
				9DECCAE41E8B56850012CAA4 /* ResetPassword.storyboard in Resources */,
				9DECCAFE1E8BA8D70012CAA4 /* AccountSetting.storyboard in Resources */,
				9D2853991E9B689F00CC7275 /* FriendDetail.storyboard in Resources */,
				9DA760CA1E94EC8A0049E2E4 /* ChatRoom.storyboard in Resources */,
				9D59684D1E979B7900268D84 /* CardListCellTableViewCell.xib in Resources */,
			);
			runOnlyForDeploymentPostprocessing = 0;
		};
		9DFF8FF01E84F773004A5E00 /* Resources */ = {
			isa = PBXResourcesBuildPhase;
			buildActionMask = 2147483647;
			files = (
				9D5F27861E9E1AC200FF3DCD /* ChatMessageCell_Outgoing.xib in Resources */,
				9D0DCE951E8E081800F392D7 /* Recharge.storyboard in Resources */,
				9D5F277A1E9E182500FF3DCD /* ChatMessageCell_Incoming.xib in Resources */,
				9DA760BE1E94C1030049E2E4 /* InitiateChat.storyboard in Resources */,
				9DFEE8A21E8F97360098C54F /* CarouselView.xib in Resources */,
				9DCE924B1E8E556E00198FA7 /* Live.storyboard in Resources */,
				9D5F27741E9DFF4000FF3DCD /* ChatTableViewCell.xib in Resources */,
				9DFF90031E84F939004A5E00 /* xicaibao-QA.plist in Resources */,
				9D28539A1E9B689F00CC7275 /* FriendDetail.storyboard in Resources */,
				9DECCAFF1E8BA8D70012CAA4 /* AccountSetting.storyboard in Resources */,
				9DA760CB1E94EC8A0049E2E4 /* ChatRoom.storyboard in Resources */,
				9D5968421E97769F00268D84 /* AddFriendDetail.storyboard in Resources */,
				9DA760C71E94DD680049E2E4 /* AddFriend.storyboard in Resources */,
				9DFF8FF41E84F773004A5E00 /* LaunchScreen.storyboard in Resources */,
				9DCE92321E8E490100198FA7 /* AddBankCard.storyboard in Resources */,
				9D508F881E9CC16B00B42CF5 /* ContactSearch.storyboard in Resources */,
				9DCE92351E8E4A6000198FA7 /* Crash.storyboard in Resources */,
				9DECCAF21E8B86C70012CAA4 /* CreateCard.storyboard in Resources */,
				9DFF8FF61E84F773004A5E00 /* Assets.xcassets in Resources */,
				9D0DCE8C1E8DE7C500F392D7 /* Wallet.storyboard in Resources */,
				9D59684E1E979B7900268D84 /* CardListCellTableViewCell.xib in Resources */,
			);
			runOnlyForDeploymentPostprocessing = 0;
		};
/* End PBXResourcesBuildPhase section */

/* Begin PBXShellScriptBuildPhase section */
		60CA84D1DBFD5B358656723B /* [CP] Copy Pods Resources */ = {
			isa = PBXShellScriptBuildPhase;
			buildActionMask = 2147483647;
			files = (
			);
			inputPaths = (
			);
			name = "[CP] Copy Pods Resources";
			outputPaths = (
			);
			runOnlyForDeploymentPostprocessing = 0;
			shellPath = /bin/sh;
			shellScript = "\"${SRCROOT}/Pods/Target Support Files/Pods-xicaibao/Pods-xicaibao-resources.sh\"\n";
			showEnvVarsInLog = 0;
		};
		E5193B8E411DD344EB15AA19 /* [CP] Embed Pods Frameworks */ = {
			isa = PBXShellScriptBuildPhase;
			buildActionMask = 2147483647;
			files = (
			);
			inputPaths = (
			);
			name = "[CP] Embed Pods Frameworks";
			outputPaths = (
			);
			runOnlyForDeploymentPostprocessing = 0;
			shellPath = /bin/sh;
			shellScript = "\"${SRCROOT}/Pods/Target Support Files/Pods-xicaibao/Pods-xicaibao-frameworks.sh\"\n";
			showEnvVarsInLog = 0;
		};
		EC873E54B5052FA54048DA11 /* [CP] Check Pods Manifest.lock */ = {
			isa = PBXShellScriptBuildPhase;
			buildActionMask = 2147483647;
			files = (
			);
			inputPaths = (
			);
			name = "[CP] Check Pods Manifest.lock";
			outputPaths = (
			);
			runOnlyForDeploymentPostprocessing = 0;
			shellPath = /bin/sh;
			shellScript = "diff \"${PODS_ROOT}/../Podfile.lock\" \"${PODS_ROOT}/Manifest.lock\" > /dev/null\nif [ $? != 0 ] ; then\n    # print error to STDERR\n    echo \"error: The sandbox is not in sync with the Podfile.lock. Run 'pod install' or update your CocoaPods installation.\" >&2\n    exit 1\nfi\n";
			showEnvVarsInLog = 0;
		};
/* End PBXShellScriptBuildPhase section */

/* Begin PBXSourcesBuildPhase section */
		9D6B775C1E825313001AB48C /* Sources */ = {
			isa = PBXSourcesBuildPhase;
			buildActionMask = 2147483647;
			files = (
				9DECCAE51E8B56850012CAA4 /* ResetPasswordTableViewController.swift in Sources */,
				9DECCAE71E8B56850012CAA4 /* SignupTableViewController.swift in Sources */,
				9DECCAB61E8B53330012CAA4 /* LoginManager.swift in Sources */,
				9DFEE89D1E8F97360098C54F /* CarouselView.swift in Sources */,
				9D5F27771E9E182500FF3DCD /* ChatMessageCell_Incoming.swift in Sources */,
				9DECCB0A1E8BAFF70012CAA4 /* NewMessageSettingTableViewController.swift in Sources */,
				9DA760CD1E94EC9E0049E2E4 /* ChatRoomMessageViewController.swift in Sources */,
				9DECCADE1E8B56850012CAA4 /* MainViewController.swift in Sources */,
				9DECCAFB1E8BA87E0012CAA4 /* AccountSettingTableViewController.swift in Sources */,
				9D5F27831E9E1AC200FF3DCD /* ChatMessageCell_Outgoing.swift in Sources */,
				9D5F27631E9DCA6300FF3DCD /* DateHelper.swift in Sources */,
				9D5F278E1E9E1EFB00FF3DCD /* ZSY_ChatMessagesSize.swift in Sources */,
				9DCE923A1E8E527900198FA7 /* CardDetailTableViewController.swift in Sources */,
				9DCE92371E8E4A8900198FA7 /* CrashViewController.swift in Sources */,
				9D0DCE911E8E07C700F392D7 /* RechargeViewController.swift in Sources */,
				9DECCAAB1E8B52F90012CAA4 /* User.swift in Sources */,
				9DECCADA1E8B56850012CAA4 /* ChatViewController.swift in Sources */,
				9DECCAB71E8B53330012CAA4 /* ModelErrorManager.swift in Sources */,
				9DECCAE81E8B56850012CAA4 /* EditNameTableViewController.swift in Sources */,
				9DB57F851E8D090B007AC25F /* AboutViewController.swift in Sources */,
				9D5F276D1E9DD16400FF3DCD /* BaseTableViewController.swift in Sources */,
				9DA760C31E94DD520049E2E4 /* AddFriendTableViewController.swift in Sources */,
				9D59683B1E972F0800268D84 /* AddFriendSearchViewController.swift in Sources */,
				9D59684F1E979B7900268D84 /* CardListCellTableViewCell.swift in Sources */,
				9DFEE8901E8F5A6B0098C54F /* UIColor+RCColor.m in Sources */,
				9DECCAE11E8B56850012CAA4 /* LoginTableViewController.swift in Sources */,
				9D5F27911E9E1F7A00FF3DCD /* ScreenMacro.swift in Sources */,
				9DFEE8941E8F5A970098C54F /* UIImage+RCImage.m in Sources */,
				9D5F278B1E9E1E4700FF3DCD /* ZSY_MessageBubbleImage.swift in Sources */,
				9DECCAE31E8B56850012CAA4 /* ProfileViewController.swift in Sources */,
				9DA760C01E94C19F0049E2E4 /* InitiateChatTableViewController.swift in Sources */,
				9DECCAE91E8B56850012CAA4 /* UserInfoTableViewController.swift in Sources */,
				9DECCB0D1E8BB0640012CAA4 /* NoMessageSettingTableViewController.swift in Sources */,
				9D5F27971E9E256400FF3DCD /* ChatMessagesTextView.swift in Sources */,
				9DCE92471E8E555600198FA7 /* LiveViewController.swift in Sources */,
				9DECCAF41E8B86EA0012CAA4 /* EditCardTableViewController.swift in Sources */,
				9DECCAB51E8B53330012CAA4 /* FormatHelper.swift in Sources */,
				9D5F27711E9DFF4000FF3DCD /* ChatTableViewCell.swift in Sources */,
				9D5F27691E9DCCB000FF3DCD /* ChatRoom.swift in Sources */,
				9DCE923D1E8E528C00198FA7 /* CardTableViewController.swift in Sources */,
				9D5F27941E9E24E300FF3DCD /* BaseViewController.swift in Sources */,
				9DB57F821E8CFB32007AC25F /* SendMailHelper.swift in Sources */,
				9DFEE88C1E8F59CD0098C54F /* KxMenu.m in Sources */,
				9D5F27881E9E1E0E00FF3DCD /* ZSY_BubbleImageFactory.swift in Sources */,
				9DECCADC1E8B56850012CAA4 /* ContactViewController.swift in Sources */,
				9D2853961E9B688C00CC7275 /* FriendDetailViewController.swift in Sources */,
				9DECCAB41E8B53330012CAA4 /* ColorValue.swift in Sources */,
				9DCE922E1E8E419B00198FA7 /* BankCardData.swift in Sources */,
				9DECCAB31E8B53330012CAA4 /* ApiManager.swift in Sources */,
				9D28539C1E9B802500CC7275 /* SetNickNameViewController.swift in Sources */,
				9D59683E1E9769F200268D84 /* AddFriendDetailViewController.swift in Sources */,
				9D5F27661E9DCB3800FF3DCD /* ChatMessage.swift in Sources */,
				9D41C9AA1E8364520083FF65 /* AppSecrets.swift in Sources */,
				9D5F279D1E9E261E00FF3DCD /* ChatMessagesSendButton.swift in Sources */,
				9D0DCE8E1E8E046800F392D7 /* WalletTableViewController.swift in Sources */,
				9D0DCE971E8E366F00F392D7 /* AddBankCardViewController.swift in Sources */,
				9DCE922B1E8E3F0700198FA7 /* BankCardListTableViewController.swift in Sources */,
				9DECCAEB1E8B5FA30012CAA4 /* Card.swift in Sources */,
				9D6B77641E825313001AB48C /* AppDelegate.swift in Sources */,
				9DECCAB81E8B53330012CAA4 /* SystemPathHelper.swift in Sources */,
				9D5F279A1E9E25C200FF3DCD /* BaseTextView.swift in Sources */,
				9D508F841E9CB90D00B42CF5 /* ContactSearchViewController.swift in Sources */,
				9DECCAE01E8B56850012CAA4 /* LoginNavigationController.swift in Sources */,
				9DECCAEE1E8B86A50012CAA4 /* CreateCardTableViewController.swift in Sources */,
			);
			runOnlyForDeploymentPostprocessing = 0;
		};
		9DFF8FDC1E84F773004A5E00 /* Sources */ = {
			isa = PBXSourcesBuildPhase;
			buildActionMask = 2147483647;
			files = (
				9D5F278C1E9E1E4700FF3DCD /* ZSY_MessageBubbleImage.swift in Sources */,
				9DECCB0E1E8BB0640012CAA4 /* NoMessageSettingTableViewController.swift in Sources */,
				9D5968501E979B7900268D84 /* CardListCellTableViewCell.swift in Sources */,
				9DA760C11E94C19F0049E2E4 /* InitiateChatTableViewController.swift in Sources */,
				9D5F27841E9E1AC200FF3DCD /* ChatMessageCell_Outgoing.swift in Sources */,
				9DFF8FE81E84F773004A5E00 /* AppSecrets.swift in Sources */,
				9D2853971E9B688C00CC7275 /* FriendDetailViewController.swift in Sources */,
				9DCE923B1E8E527900198FA7 /* CardDetailTableViewController.swift in Sources */,
				9D59683F1E9769F200268D84 /* AddFriendDetailViewController.swift in Sources */,
				9DECCAF51E8B86EA0012CAA4 /* EditCardTableViewController.swift in Sources */,
				9DFEE8911E8F5A6B0098C54F /* UIColor+RCColor.m in Sources */,
				9D5F27641E9DCA6300FF3DCD /* DateHelper.swift in Sources */,
				9D5F27891E9E1E0E00FF3DCD /* ZSY_BubbleImageFactory.swift in Sources */,
				9DFEE88D1E8F59CD0098C54F /* KxMenu.m in Sources */,
				9D28539D1E9B802500CC7275 /* SetNickNameViewController.swift in Sources */,
				9D5F27951E9E24E300FF3DCD /* BaseViewController.swift in Sources */,
				9D508F851E9CB90D00B42CF5 /* ContactSearchViewController.swift in Sources */,
				9D5F27981E9E256400FF3DCD /* ChatMessagesTextView.swift in Sources */,
				9D0DCE921E8E07C700F392D7 /* RechargeViewController.swift in Sources */,
				9DB57F861E8D090B007AC25F /* AboutViewController.swift in Sources */,
				9DECCAEF1E8B86A50012CAA4 /* CreateCardTableViewController.swift in Sources */,
				9D5F279E1E9E261E00FF3DCD /* ChatMessagesSendButton.swift in Sources */,
				9DB57F831E8CFB32007AC25F /* SendMailHelper.swift in Sources */,
				9D5F27921E9E1F7A00FF3DCD /* ScreenMacro.swift in Sources */,
				9D5F27721E9DFF4000FF3DCD /* ChatTableViewCell.swift in Sources */,
				9D5F27671E9DCB3800FF3DCD /* ChatMessage.swift in Sources */,
				9D5F276E1E9DD16400FF3DCD /* BaseTableViewController.swift in Sources */,
				9D5F276A1E9DCCB000FF3DCD /* ChatRoom.swift in Sources */,
				9DCE92481E8E555600198FA7 /* LiveViewController.swift in Sources */,
				9DCE922F1E8E419B00198FA7 /* BankCardData.swift in Sources */,
				9DFF8FE91E84F773004A5E00 /* AppDelegate.swift in Sources */,
				9D0DCE981E8E366F00F392D7 /* AddBankCardViewController.swift in Sources */,
				9DECCAFC1E8BA87E0012CAA4 /* AccountSettingTableViewController.swift in Sources */,
				9D5F279B1E9E25C200FF3DCD /* BaseTextView.swift in Sources */,
				9D5F278F1E9E1EFB00FF3DCD /* ZSY_ChatMessagesSize.swift in Sources */,
				9DCE923E1E8E528C00198FA7 /* CardTableViewController.swift in Sources */,
				9DCE922C1E8E3F0700198FA7 /* BankCardListTableViewController.swift in Sources */,
				9D0DCE8F1E8E046800F392D7 /* WalletTableViewController.swift in Sources */,
				9DFEE8951E8F5A970098C54F /* UIImage+RCImage.m in Sources */,
				9D5F27781E9E182500FF3DCD /* ChatMessageCell_Incoming.swift in Sources */,
				9DCE92381E8E4A8900198FA7 /* CrashViewController.swift in Sources */,
				9DA760C41E94DD520049E2E4 /* AddFriendTableViewController.swift in Sources */,
				9DA760CE1E94EC9E0049E2E4 /* ChatRoomMessageViewController.swift in Sources */,
				9D59683C1E972F0800268D84 /* AddFriendSearchViewController.swift in Sources */,
				9DFEE89E1E8F97360098C54F /* CarouselView.swift in Sources */,
				9DECCB0B1E8BAFF70012CAA4 /* NewMessageSettingTableViewController.swift in Sources */,
			);
			runOnlyForDeploymentPostprocessing = 0;
		};
/* End PBXSourcesBuildPhase section */

/* Begin PBXVariantGroup section */
		9D6B776C1E825313001AB48C /* LaunchScreen.storyboard */ = {
			isa = PBXVariantGroup;
			children = (
				9D6B776D1E825313001AB48C /* Base */,
			);
			name = LaunchScreen.storyboard;
			sourceTree = "<group>";
		};
/* End PBXVariantGroup section */

/* Begin XCBuildConfiguration section */
		9D6B77701E825313001AB48C /* Debug */ = {
			isa = XCBuildConfiguration;
			buildSettings = {
				ALWAYS_SEARCH_USER_PATHS = NO;
				CLANG_ANALYZER_NONNULL = YES;
				CLANG_CXX_LANGUAGE_STANDARD = "gnu++0x";
				CLANG_CXX_LIBRARY = "libc++";
				CLANG_ENABLE_MODULES = YES;
				CLANG_ENABLE_OBJC_ARC = YES;
				CLANG_WARN_BOOL_CONVERSION = YES;
				CLANG_WARN_CONSTANT_CONVERSION = YES;
				CLANG_WARN_DIRECT_OBJC_ISA_USAGE = YES_ERROR;
				CLANG_WARN_DOCUMENTATION_COMMENTS = YES;
				CLANG_WARN_EMPTY_BODY = YES;
				CLANG_WARN_ENUM_CONVERSION = YES;
				CLANG_WARN_INFINITE_RECURSION = YES;
				CLANG_WARN_INT_CONVERSION = YES;
				CLANG_WARN_OBJC_ROOT_CLASS = YES_ERROR;
				CLANG_WARN_SUSPICIOUS_MOVE = YES;
				CLANG_WARN_UNREACHABLE_CODE = YES;
				CLANG_WARN__DUPLICATE_METHOD_MATCH = YES;
				"CODE_SIGN_IDENTITY[sdk=iphoneos*]" = "iPhone Developer";
				COPY_PHASE_STRIP = NO;
				DEBUG_INFORMATION_FORMAT = dwarf;
				ENABLE_STRICT_OBJC_MSGSEND = YES;
				ENABLE_TESTABILITY = YES;
				GCC_C_LANGUAGE_STANDARD = gnu99;
				GCC_DYNAMIC_NO_PIC = NO;
				GCC_NO_COMMON_BLOCKS = YES;
				GCC_OPTIMIZATION_LEVEL = 0;
				GCC_PREPROCESSOR_DEFINITIONS = (
					"DEBUG=1",
					"$(inherited)",
				);
				GCC_WARN_64_TO_32_BIT_CONVERSION = YES;
				GCC_WARN_ABOUT_RETURN_TYPE = YES_ERROR;
				GCC_WARN_UNDECLARED_SELECTOR = YES;
				GCC_WARN_UNINITIALIZED_AUTOS = YES_AGGRESSIVE;
				GCC_WARN_UNUSED_FUNCTION = YES;
				GCC_WARN_UNUSED_VARIABLE = YES;
				IPHONEOS_DEPLOYMENT_TARGET = 10.2;
				MTL_ENABLE_DEBUG_INFO = YES;
				ONLY_ACTIVE_ARCH = YES;
				SDKROOT = iphoneos;
				SWIFT_ACTIVE_COMPILATION_CONDITIONS = DEBUG;
				SWIFT_OPTIMIZATION_LEVEL = "-Onone";
				TARGETED_DEVICE_FAMILY = "1,2";
			};
			name = Debug;
		};
		9D6B77711E825313001AB48C /* Release */ = {
			isa = XCBuildConfiguration;
			buildSettings = {
				ALWAYS_SEARCH_USER_PATHS = NO;
				CLANG_ANALYZER_NONNULL = YES;
				CLANG_CXX_LANGUAGE_STANDARD = "gnu++0x";
				CLANG_CXX_LIBRARY = "libc++";
				CLANG_ENABLE_MODULES = YES;
				CLANG_ENABLE_OBJC_ARC = YES;
				CLANG_WARN_BOOL_CONVERSION = YES;
				CLANG_WARN_CONSTANT_CONVERSION = YES;
				CLANG_WARN_DIRECT_OBJC_ISA_USAGE = YES_ERROR;
				CLANG_WARN_DOCUMENTATION_COMMENTS = YES;
				CLANG_WARN_EMPTY_BODY = YES;
				CLANG_WARN_ENUM_CONVERSION = YES;
				CLANG_WARN_INFINITE_RECURSION = YES;
				CLANG_WARN_INT_CONVERSION = YES;
				CLANG_WARN_OBJC_ROOT_CLASS = YES_ERROR;
				CLANG_WARN_SUSPICIOUS_MOVE = YES;
				CLANG_WARN_UNREACHABLE_CODE = YES;
				CLANG_WARN__DUPLICATE_METHOD_MATCH = YES;
				"CODE_SIGN_IDENTITY[sdk=iphoneos*]" = "iPhone Developer";
				COPY_PHASE_STRIP = NO;
				DEBUG_INFORMATION_FORMAT = "dwarf-with-dsym";
				ENABLE_NS_ASSERTIONS = NO;
				ENABLE_STRICT_OBJC_MSGSEND = YES;
				GCC_C_LANGUAGE_STANDARD = gnu99;
				GCC_NO_COMMON_BLOCKS = YES;
				GCC_WARN_64_TO_32_BIT_CONVERSION = YES;
				GCC_WARN_ABOUT_RETURN_TYPE = YES_ERROR;
				GCC_WARN_UNDECLARED_SELECTOR = YES;
				GCC_WARN_UNINITIALIZED_AUTOS = YES_AGGRESSIVE;
				GCC_WARN_UNUSED_FUNCTION = YES;
				GCC_WARN_UNUSED_VARIABLE = YES;
				IPHONEOS_DEPLOYMENT_TARGET = 10.2;
				MTL_ENABLE_DEBUG_INFO = NO;
				SDKROOT = iphoneos;
				SWIFT_OPTIMIZATION_LEVEL = "-Owholemodule";
				TARGETED_DEVICE_FAMILY = "1,2";
				VALIDATE_PRODUCT = YES;
			};
			name = Release;
		};
		9D6B77731E825313001AB48C /* Debug */ = {
			isa = XCBuildConfiguration;
			baseConfigurationReference = 28BB5FA008AFFC90F53705F2 /* Pods-xicaibao.debug.xcconfig */;
			buildSettings = {
				ASSETCATALOG_COMPILER_APPICON_NAME = AppIcon;
				DEVELOPMENT_TEAM = ZUHYDF6KZU;
				FRAMEWORK_SEARCH_PATHS = (
					"$(inherited)",
					"$(PROJECT_DIR)",
					"$(PROJECT_DIR)/xicaibao/Vendors/SMS_SDK",
				);
				INFOPLIST_FILE = xicaibao/Info.plist;
				IPHONEOS_DEPLOYMENT_TARGET = 9.0;
				LD_RUNPATH_SEARCH_PATHS = "$(inherited) @executable_path/Frameworks";
				OTHER_SWIFT_FLAGS = "-DPRODUCTION_API";
				PRODUCT_BUNDLE_IDENTIFIER = com.onthetall.xicaibao;
				PRODUCT_NAME = "$(TARGET_NAME)";
				SWIFT_OBJC_BRIDGING_HEADER = "xicaibao/xicaibao-Bridging-Header.h";
				SWIFT_VERSION = 3.0;
			};
			name = Debug;
		};
		9D6B77741E825313001AB48C /* Release */ = {
			isa = XCBuildConfiguration;
			baseConfigurationReference = 4A03552A56156943187AC84F /* Pods-xicaibao.release.xcconfig */;
			buildSettings = {
				ASSETCATALOG_COMPILER_APPICON_NAME = AppIcon;
				DEVELOPMENT_TEAM = ZUHYDF6KZU;
				FRAMEWORK_SEARCH_PATHS = (
					"$(inherited)",
					"$(PROJECT_DIR)",
					"$(PROJECT_DIR)/xicaibao/Vendors/SMS_SDK",
				);
				INFOPLIST_FILE = xicaibao/Info.plist;
				IPHONEOS_DEPLOYMENT_TARGET = 9.0;
				LD_RUNPATH_SEARCH_PATHS = "$(inherited) @executable_path/Frameworks";
				OTHER_SWIFT_FLAGS = "-DPRODUCTION_API";
				PRODUCT_BUNDLE_IDENTIFIER = com.onthetall.xicaibao;
				PRODUCT_NAME = "$(TARGET_NAME)";
				SWIFT_OBJC_BRIDGING_HEADER = "xicaibao/xicaibao-Bridging-Header.h";
				SWIFT_VERSION = 3.0;
			};
			name = Release;
		};
		9DFF8FFE1E84F773004A5E00 /* Debug */ = {
			isa = XCBuildConfiguration;
			buildSettings = {
				ASSETCATALOG_COMPILER_APPICON_NAME = AppIcon;
				DEVELOPMENT_TEAM = ZUHYDF6KZU;
				FRAMEWORK_SEARCH_PATHS = (
					"$(inherited)",
					"$(PROJECT_DIR)",
					"$(PROJECT_DIR)/xicaibao/Vendors/SMS_SDK",
				);
				INFOPLIST_FILE = "$(SRCROOT)/xicaibao-QA.plist";
				IPHONEOS_DEPLOYMENT_TARGET = 9.0;
				LD_RUNPATH_SEARCH_PATHS = "$(inherited) @executable_path/Frameworks";
				PRODUCT_BUNDLE_IDENTIFIER = "com.onthetall.xicaibao-QA";
				PRODUCT_NAME = "$(TARGET_NAME)";
				SWIFT_OBJC_BRIDGING_HEADER = "xicaibao/xicaibao-Bridging-Header.h";
				SWIFT_VERSION = 3.0;
			};
			name = Debug;
		};
		9DFF8FFF1E84F773004A5E00 /* Release */ = {
			isa = XCBuildConfiguration;
			buildSettings = {
				ASSETCATALOG_COMPILER_APPICON_NAME = AppIcon;
				DEVELOPMENT_TEAM = ZUHYDF6KZU;
				FRAMEWORK_SEARCH_PATHS = (
					"$(inherited)",
					"$(PROJECT_DIR)",
					"$(PROJECT_DIR)/xicaibao/Vendors/SMS_SDK",
				);
				INFOPLIST_FILE = "$(SRCROOT)/xicaibao-QA.plist";
				IPHONEOS_DEPLOYMENT_TARGET = 9.0;
				LD_RUNPATH_SEARCH_PATHS = "$(inherited) @executable_path/Frameworks";
				PRODUCT_BUNDLE_IDENTIFIER = "com.onthetall.xicaibao-QA";
				PRODUCT_NAME = "$(TARGET_NAME)";
				SWIFT_OBJC_BRIDGING_HEADER = "xicaibao/xicaibao-Bridging-Header.h";
				SWIFT_VERSION = 3.0;
			};
			name = Release;
		};
/* End XCBuildConfiguration section */

/* Begin XCConfigurationList section */
		9D6B775B1E825313001AB48C /* Build configuration list for PBXProject "xicaibao" */ = {
			isa = XCConfigurationList;
			buildConfigurations = (
				9D6B77701E825313001AB48C /* Debug */,
				9D6B77711E825313001AB48C /* Release */,
			);
			defaultConfigurationIsVisible = 0;
			defaultConfigurationName = Release;
		};
		9D6B77721E825313001AB48C /* Build configuration list for PBXNativeTarget "xicaibao" */ = {
			isa = XCConfigurationList;
			buildConfigurations = (
				9D6B77731E825313001AB48C /* Debug */,
				9D6B77741E825313001AB48C /* Release */,
			);
			defaultConfigurationIsVisible = 0;
			defaultConfigurationName = Release;
		};
		9DFF8FFD1E84F773004A5E00 /* Build configuration list for PBXNativeTarget "xicaibao-QA" */ = {
			isa = XCConfigurationList;
			buildConfigurations = (
				9DFF8FFE1E84F773004A5E00 /* Debug */,
				9DFF8FFF1E84F773004A5E00 /* Release */,
			);
			defaultConfigurationIsVisible = 0;
			defaultConfigurationName = Release;
		};
/* End XCConfigurationList section */
	};
	rootObject = 9D6B77581E825313001AB48C /* Project object */;
}
